// !$*UTF8*$!
{
	archiveVersion = 1;
	classes = {
	};
	objectVersion = 50;
	objects = {

/* Begin PBXBuildFile section */
		6B02CD37213C5D2C006D8E23 /* libboost_regex.dylib in Frameworks */ = {isa = PBXBuildFile; fileRef = 6B02CD0D213C5D29006D8E23 /* libboost_regex.dylib */; };
		6B02CD38213C5D2C006D8E23 /* libboost_thread.dylib in Frameworks */ = {isa = PBXBuildFile; fileRef = 6B02CD0E213C5D29006D8E23 /* libboost_thread.dylib */; };
		6B02CD39213C5D2C006D8E23 /* libIex-2_2.dylib in Frameworks */ = {isa = PBXBuildFile; fileRef = 6B02CD0F213C5D29006D8E23 /* libIex-2_2.dylib */; };
		6B02CD3A213C5D2C006D8E23 /* libboost_program_options.dylib in Frameworks */ = {isa = PBXBuildFile; fileRef = 6B02CD10213C5D29006D8E23 /* libboost_program_options.dylib */; };
		6B02CD3B213C5D2C006D8E23 /* libIlmThread-2_2.12.0.0.dylib in Frameworks */ = {isa = PBXBuildFile; fileRef = 6B02CD11213C5D29006D8E23 /* libIlmThread-2_2.12.0.0.dylib */; };
		6B02CD3C213C5D2C006D8E23 /* libosdGPU.dylib in Frameworks */ = {isa = PBXBuildFile; fileRef = 6B02CD12213C5D29006D8E23 /* libosdGPU.dylib */; };
		6B02CD3D213C5D2C006D8E23 /* libz.dylib in Frameworks */ = {isa = PBXBuildFile; fileRef = 6B02CD13213C5D29006D8E23 /* libz.dylib */; };
		6B02CD3E213C5D2C006D8E23 /* libosdGPU.3.1.1.dylib in Frameworks */ = {isa = PBXBuildFile; fileRef = 6B02CD14213C5D29006D8E23 /* libosdGPU.3.1.1.dylib */; };
		6B02CD40213C5D2C006D8E23 /* libboost_filesystem.dylib in Frameworks */ = {isa = PBXBuildFile; fileRef = 6B02CD16213C5D29006D8E23 /* libboost_filesystem.dylib */; };
		6B02CD41213C5D2C006D8E23 /* libz.1.2.11.dylib in Frameworks */ = {isa = PBXBuildFile; fileRef = 6B02CD17213C5D29006D8E23 /* libz.1.2.11.dylib */; };
		6B02CD42213C5D2C006D8E23 /* libIlmImf-2_2.dylib in Frameworks */ = {isa = PBXBuildFile; fileRef = 6B02CD18213C5D29006D8E23 /* libIlmImf-2_2.dylib */; };
		6B02CD43213C5D2C006D8E23 /* libz.1.dylib in Frameworks */ = {isa = PBXBuildFile; fileRef = 6B02CD19213C5D29006D8E23 /* libz.1.dylib */; };
		6B02CD44213C5D2C006D8E23 /* libIlmImf-2_2.22.dylib in Frameworks */ = {isa = PBXBuildFile; fileRef = 6B02CD1A213C5D2A006D8E23 /* libIlmImf-2_2.22.dylib */; };
		6B02CD45213C5D2C006D8E23 /* libtbb.dylib in Frameworks */ = {isa = PBXBuildFile; fileRef = 6B02CD1B213C5D2A006D8E23 /* libtbb.dylib */; };
		6B02CD46213C5D2C006D8E23 /* libusd_ms.dylib in Frameworks */ = {isa = PBXBuildFile; fileRef = 6B02CD1C213C5D2A006D8E23 /* libusd_ms.dylib */; };
		6B02CD47213C5D2C006D8E23 /* libIlmThread-2_2.12.dylib in Frameworks */ = {isa = PBXBuildFile; fileRef = 6B02CD1D213C5D2A006D8E23 /* libIlmThread-2_2.12.dylib */; };
		6B02CD48213C5D2C006D8E23 /* libHalf.12.0.0.dylib in Frameworks */ = {isa = PBXBuildFile; fileRef = 6B02CD1E213C5D2A006D8E23 /* libHalf.12.0.0.dylib */; };
		6B02CD49213C5D2C006D8E23 /* libboost_date_time.dylib in Frameworks */ = {isa = PBXBuildFile; fileRef = 6B02CD1F213C5D2A006D8E23 /* libboost_date_time.dylib */; };
		6B02CD4A213C5D2C006D8E23 /* libGLEW.dylib in Frameworks */ = {isa = PBXBuildFile; fileRef = 6B02CD20213C5D2A006D8E23 /* libGLEW.dylib */; };
		6B02CD4B213C5D2C006D8E23 /* libosdCPU.3.1.1.dylib in Frameworks */ = {isa = PBXBuildFile; fileRef = 6B02CD21213C5D2A006D8E23 /* libosdCPU.3.1.1.dylib */; };
		6B02CD4C213C5D2C006D8E23 /* libIexMath-2_2.12.0.0.dylib in Frameworks */ = {isa = PBXBuildFile; fileRef = 6B02CD22213C5D2A006D8E23 /* libIexMath-2_2.12.0.0.dylib */; };
		6B02CD4D213C5D2C006D8E23 /* libHalf.12.dylib in Frameworks */ = {isa = PBXBuildFile; fileRef = 6B02CD23213C5D2A006D8E23 /* libHalf.12.dylib */; };
		6B02CD4E213C5D2C006D8E23 /* libIlmImf-2_2.22.0.0.dylib in Frameworks */ = {isa = PBXBuildFile; fileRef = 6B02CD24213C5D2A006D8E23 /* libIlmImf-2_2.22.0.0.dylib */; };
		6B02CD4F213C5D2C006D8E23 /* libIlmThread-2_2.dylib in Frameworks */ = {isa = PBXBuildFile; fileRef = 6B02CD25213C5D2A006D8E23 /* libIlmThread-2_2.dylib */; };
		6B02CD50213C5D2C006D8E23 /* libImath-2_2.12.dylib in Frameworks */ = {isa = PBXBuildFile; fileRef = 6B02CD26213C5D2A006D8E23 /* libImath-2_2.12.dylib */; };
		6B02CD51213C5D2C006D8E23 /* libIex-2_2.12.dylib in Frameworks */ = {isa = PBXBuildFile; fileRef = 6B02CD27213C5D2A006D8E23 /* libIex-2_2.12.dylib */; };
		6B02CD52213C5D2C006D8E23 /* libboost_system.dylib in Frameworks */ = {isa = PBXBuildFile; fileRef = 6B02CD28213C5D2B006D8E23 /* libboost_system.dylib */; };
		6B02CD53213C5D2C006D8E23 /* libIex-2_2.12.0.0.dylib in Frameworks */ = {isa = PBXBuildFile; fileRef = 6B02CD29213C5D2B006D8E23 /* libIex-2_2.12.0.0.dylib */; };
		6B02CD54213C5D2C006D8E23 /* libIlmImfUtil-2_2.22.dylib in Frameworks */ = {isa = PBXBuildFile; fileRef = 6B02CD2A213C5D2B006D8E23 /* libIlmImfUtil-2_2.22.dylib */; };
		6B02CD55213C5D2C006D8E23 /* libHalf.dylib in Frameworks */ = {isa = PBXBuildFile; fileRef = 6B02CD2B213C5D2B006D8E23 /* libHalf.dylib */; };
		6B02CD56213C5D2C006D8E23 /* libosdCPU.dylib in Frameworks */ = {isa = PBXBuildFile; fileRef = 6B02CD2C213C5D2B006D8E23 /* libosdCPU.dylib */; };
		6B02CD57213C5D2C006D8E23 /* libboost_atomic.dylib in Frameworks */ = {isa = PBXBuildFile; fileRef = 6B02CD2D213C5D2B006D8E23 /* libboost_atomic.dylib */; };
		6B02CD58213C5D2C006D8E23 /* libtbbmalloc.dylib in Frameworks */ = {isa = PBXBuildFile; fileRef = 6B02CD2E213C5D2B006D8E23 /* libtbbmalloc.dylib */; };
		6B02CD59213C5D2C006D8E23 /* libImath-2_2.dylib in Frameworks */ = {isa = PBXBuildFile; fileRef = 6B02CD2F213C5D2B006D8E23 /* libImath-2_2.dylib */; };
		6B02CD5A213C5D2C006D8E23 /* libIlmImfUtil-2_2.22.0.0.dylib in Frameworks */ = {isa = PBXBuildFile; fileRef = 6B02CD30213C5D2B006D8E23 /* libIlmImfUtil-2_2.22.0.0.dylib */; };
		6B02CD5B213C5D2C006D8E23 /* libGLEW.2.0.0.dylib in Frameworks */ = {isa = PBXBuildFile; fileRef = 6B02CD31213C5D2B006D8E23 /* libGLEW.2.0.0.dylib */; };
		6B02CD5D213C5D2C006D8E23 /* libIlmImfUtil-2_2.dylib in Frameworks */ = {isa = PBXBuildFile; fileRef = 6B02CD33213C5D2B006D8E23 /* libIlmImfUtil-2_2.dylib */; };
		6B02CD5E213C5D2C006D8E23 /* libImath-2_2.12.0.0.dylib in Frameworks */ = {isa = PBXBuildFile; fileRef = 6B02CD34213C5D2B006D8E23 /* libImath-2_2.12.0.0.dylib */; };
		6B02CD60213C5D2C006D8E23 /* libIexMath-2_2.12.dylib in Frameworks */ = {isa = PBXBuildFile; fileRef = 6B02CD36213C5D2C006D8E23 /* libIexMath-2_2.12.dylib */; };
		6B02CD61213C5D3E006D8E23 /* libboost_atomic.dylib in CopyFiles */ = {isa = PBXBuildFile; fileRef = 6B02CD2D213C5D2B006D8E23 /* libboost_atomic.dylib */; };
		6B02CD62213C5D3E006D8E23 /* libboost_date_time.dylib in CopyFiles */ = {isa = PBXBuildFile; fileRef = 6B02CD1F213C5D2A006D8E23 /* libboost_date_time.dylib */; };
		6B02CD63213C5D3E006D8E23 /* libboost_filesystem.dylib in CopyFiles */ = {isa = PBXBuildFile; fileRef = 6B02CD16213C5D29006D8E23 /* libboost_filesystem.dylib */; };
		6B02CD64213C5D3E006D8E23 /* libboost_program_options.dylib in CopyFiles */ = {isa = PBXBuildFile; fileRef = 6B02CD10213C5D29006D8E23 /* libboost_program_options.dylib */; };
		6B02CD65213C5D3E006D8E23 /* libboost_regex.dylib in CopyFiles */ = {isa = PBXBuildFile; fileRef = 6B02CD0D213C5D29006D8E23 /* libboost_regex.dylib */; };
		6B02CD66213C5D3E006D8E23 /* libboost_system.dylib in CopyFiles */ = {isa = PBXBuildFile; fileRef = 6B02CD28213C5D2B006D8E23 /* libboost_system.dylib */; };
		6B02CD67213C5D3E006D8E23 /* libboost_thread.dylib in CopyFiles */ = {isa = PBXBuildFile; fileRef = 6B02CD0E213C5D29006D8E23 /* libboost_thread.dylib */; };
		6B02CD68213C5D3E006D8E23 /* libGLEW.2.0.0.dylib in CopyFiles */ = {isa = PBXBuildFile; fileRef = 6B02CD31213C5D2B006D8E23 /* libGLEW.2.0.0.dylib */; };
		6B02CD6B213C5D3E006D8E23 /* libHalf.12.0.0.dylib in CopyFiles */ = {isa = PBXBuildFile; fileRef = 6B02CD1E213C5D2A006D8E23 /* libHalf.12.0.0.dylib */; };
		6B02CD6E213C5D3E006D8E23 /* libIex-2_2.12.0.0.dylib in CopyFiles */ = {isa = PBXBuildFile; fileRef = 6B02CD29213C5D2B006D8E23 /* libIex-2_2.12.0.0.dylib */; };
		6B02CD71213C5D3E006D8E23 /* libIexMath-2_2.12.0.0.dylib in CopyFiles */ = {isa = PBXBuildFile; fileRef = 6B02CD22213C5D2A006D8E23 /* libIexMath-2_2.12.0.0.dylib */; };
		6B02CD74213C5D3E006D8E23 /* libIlmImf-2_2.22.0.0.dylib in CopyFiles */ = {isa = PBXBuildFile; fileRef = 6B02CD24213C5D2A006D8E23 /* libIlmImf-2_2.22.0.0.dylib */; };
		6B02CD77213C5D3E006D8E23 /* libIlmImfUtil-2_2.22.0.0.dylib in CopyFiles */ = {isa = PBXBuildFile; fileRef = 6B02CD30213C5D2B006D8E23 /* libIlmImfUtil-2_2.22.0.0.dylib */; };
		6B02CD7A213C5D3E006D8E23 /* libIlmThread-2_2.12.0.0.dylib in CopyFiles */ = {isa = PBXBuildFile; fileRef = 6B02CD11213C5D29006D8E23 /* libIlmThread-2_2.12.0.0.dylib */; };
		6B02CD7D213C5D3E006D8E23 /* libImath-2_2.12.0.0.dylib in CopyFiles */ = {isa = PBXBuildFile; fileRef = 6B02CD34213C5D2B006D8E23 /* libImath-2_2.12.0.0.dylib */; };
		6B02CD80213C5D3E006D8E23 /* libosdCPU.3.1.1.dylib in CopyFiles */ = {isa = PBXBuildFile; fileRef = 6B02CD21213C5D2A006D8E23 /* libosdCPU.3.1.1.dylib */; };
		6B02CD81213C5D3E006D8E23 /* libosdCPU.dylib in CopyFiles */ = {isa = PBXBuildFile; fileRef = 6B02CD2C213C5D2B006D8E23 /* libosdCPU.dylib */; };
		6B02CD82213C5D3E006D8E23 /* libosdGPU.3.1.1.dylib in CopyFiles */ = {isa = PBXBuildFile; fileRef = 6B02CD14213C5D29006D8E23 /* libosdGPU.3.1.1.dylib */; };
		6B02CD84213C5D3E006D8E23 /* libtbb.dylib in CopyFiles */ = {isa = PBXBuildFile; fileRef = 6B02CD1B213C5D2A006D8E23 /* libtbb.dylib */; };
		6B02CD86213C5D3E006D8E23 /* libtbbmalloc.dylib in CopyFiles */ = {isa = PBXBuildFile; fileRef = 6B02CD2E213C5D2B006D8E23 /* libtbbmalloc.dylib */; };
		6B02CD87213C5D3E006D8E23 /* libusd_ms.dylib in CopyFiles */ = {isa = PBXBuildFile; fileRef = 6B02CD1C213C5D2A006D8E23 /* libusd_ms.dylib */; };
		6B02CD88213C5D3E006D8E23 /* libz.1.2.11.dylib in CopyFiles */ = {isa = PBXBuildFile; fileRef = 6B02CD17213C5D29006D8E23 /* libz.1.2.11.dylib */; };
		6B46E8AA21271E310057FEEA /* AppDelegate.swift in Sources */ = {isa = PBXBuildFile; fileRef = 6B46E8A921271E310057FEEA /* AppDelegate.swift */; };
		6B46E8AC21271E330057FEEA /* Assets.xcassets in Resources */ = {isa = PBXBuildFile; fileRef = 6B46E8AB21271E330057FEEA /* Assets.xcassets */; };
		6B46E8AF21271E330057FEEA /* MainMenu.xib in Resources */ = {isa = PBXBuildFile; fileRef = 6B46E8AD21271E330057FEEA /* MainMenu.xib */; };
		6B46E8BB21271E330057FEEA /* UsdviewTests.swift in Sources */ = {isa = PBXBuildFile; fileRef = 6B46E8BA21271E330057FEEA /* UsdviewTests.swift */; };
		6B4C6980213BA07900A3E692 /* DocumentController.swift in Sources */ = {isa = PBXBuildFile; fileRef = 6B4C697F213BA07900A3E692 /* DocumentController.swift */; };
		6B4C6982213BA64D00A3E692 /* Document.swift in Sources */ = {isa = PBXBuildFile; fileRef = 6B4C6981213BA64D00A3E692 /* Document.swift */; };
		6B7D1929213E002C005AA1B4 /* libGLEW.2.0.dylib in CopyFiles */ = {isa = PBXBuildFile; fileRef = 6B02CD32213C5D2B006D8E23 /* libGLEW.2.0.dylib */; };
		6B7D192A213E002C005AA1B4 /* libGLEW.dylib in CopyFiles */ = {isa = PBXBuildFile; fileRef = 6B02CD20213C5D2A006D8E23 /* libGLEW.dylib */; };
		6B7D192B213E002C005AA1B4 /* libHalf.12.dylib in CopyFiles */ = {isa = PBXBuildFile; fileRef = 6B02CD23213C5D2A006D8E23 /* libHalf.12.dylib */; };
		6B7D192C213E002C005AA1B4 /* libHalf.dylib in CopyFiles */ = {isa = PBXBuildFile; fileRef = 6B02CD2B213C5D2B006D8E23 /* libHalf.dylib */; };
		6B7D192D213E002C005AA1B4 /* libIex-2_2.12.dylib in CopyFiles */ = {isa = PBXBuildFile; fileRef = 6B02CD27213C5D2A006D8E23 /* libIex-2_2.12.dylib */; };
		6B7D192E213E002C005AA1B4 /* libIex-2_2.dylib in CopyFiles */ = {isa = PBXBuildFile; fileRef = 6B02CD0F213C5D29006D8E23 /* libIex-2_2.dylib */; };
		6B7D192F213E002C005AA1B4 /* libIexMath-2_2.12.dylib in CopyFiles */ = {isa = PBXBuildFile; fileRef = 6B02CD36213C5D2C006D8E23 /* libIexMath-2_2.12.dylib */; };
		6B7D1930213E002C005AA1B4 /* libIexMath-2_2.dylib in CopyFiles */ = {isa = PBXBuildFile; fileRef = 6B02CD35213C5D2B006D8E23 /* libIexMath-2_2.dylib */; };
		6B7D1931213E002C005AA1B4 /* libIlmImf-2_2.22.dylib in CopyFiles */ = {isa = PBXBuildFile; fileRef = 6B02CD1A213C5D2A006D8E23 /* libIlmImf-2_2.22.dylib */; };
		6B7D1932213E002C005AA1B4 /* libIlmImf-2_2.dylib in CopyFiles */ = {isa = PBXBuildFile; fileRef = 6B02CD18213C5D29006D8E23 /* libIlmImf-2_2.dylib */; };
		6B7D1933213E002C005AA1B4 /* libIlmImfUtil-2_2.22.dylib in CopyFiles */ = {isa = PBXBuildFile; fileRef = 6B02CD2A213C5D2B006D8E23 /* libIlmImfUtil-2_2.22.dylib */; };
		6B7D1934213E002C005AA1B4 /* libIlmImfUtil-2_2.dylib in CopyFiles */ = {isa = PBXBuildFile; fileRef = 6B02CD33213C5D2B006D8E23 /* libIlmImfUtil-2_2.dylib */; };
		6B7D1935213E002C005AA1B4 /* libIlmThread-2_2.12.dylib in CopyFiles */ = {isa = PBXBuildFile; fileRef = 6B02CD1D213C5D2A006D8E23 /* libIlmThread-2_2.12.dylib */; };
		6B7D1936213E002C005AA1B4 /* libIlmThread-2_2.dylib in CopyFiles */ = {isa = PBXBuildFile; fileRef = 6B02CD25213C5D2A006D8E23 /* libIlmThread-2_2.dylib */; };
		6B7D1937213E002C005AA1B4 /* libImath-2_2.12.dylib in CopyFiles */ = {isa = PBXBuildFile; fileRef = 6B02CD26213C5D2A006D8E23 /* libImath-2_2.12.dylib */; };
		6B7D1938213E002C005AA1B4 /* libImath-2_2.dylib in CopyFiles */ = {isa = PBXBuildFile; fileRef = 6B02CD2F213C5D2B006D8E23 /* libImath-2_2.dylib */; };
		6B7D1939213E002C005AA1B4 /* libosdGPU.dylib in CopyFiles */ = {isa = PBXBuildFile; fileRef = 6B02CD12213C5D29006D8E23 /* libosdGPU.dylib */; };
		6B7D193A213E002C005AA1B4 /* libtbbmalloc_proxy.dylib in CopyFiles */ = {isa = PBXBuildFile; fileRef = 6B02CD15213C5D29006D8E23 /* libtbbmalloc_proxy.dylib */; };
		6B7D193B213E002C005AA1B4 /* libz.1.dylib in CopyFiles */ = {isa = PBXBuildFile; fileRef = 6B02CD19213C5D29006D8E23 /* libz.1.dylib */; };
		6B7D193C213E002C005AA1B4 /* libz.dylib in CopyFiles */ = {isa = PBXBuildFile; fileRef = 6B02CD13213C5D29006D8E23 /* libz.dylib */; };
		DAB2E7AB213B3C33001C880B /* usd.swift in Sources */ = {isa = PBXBuildFile; fileRef = DAB2E7A5213B3C32001C880B /* usd.swift */; };
		DAB2E7AC213B3C33001C880B /* sdf.cpp in Sources */ = {isa = PBXBuildFile; fileRef = DAB2E7A7213B3C33001C880B /* sdf.cpp */; };
		DAB2E7AD213B3C33001C880B /* usd.cpp in Sources */ = {isa = PBXBuildFile; fileRef = DAB2E7A8213B3C33001C880B /* usd.cpp */; };
		DAB2E7AE213B3C33001C880B /* sdf.swift in Sources */ = {isa = PBXBuildFile; fileRef = DAB2E7A9213B3C33001C880B /* sdf.swift */; };
/* End PBXBuildFile section */

/* Begin PBXContainerItemProxy section */
		6B46E8B721271E330057FEEA /* PBXContainerItemProxy */ = {
			isa = PBXContainerItemProxy;
			containerPortal = 6B46E89E21271E310057FEEA /* Project object */;
			proxyType = 1;
			remoteGlobalIDString = 6B46E8A521271E310057FEEA;
			remoteInfo = usdview;
		};
/* End PBXContainerItemProxy section */

/* Begin PBXCopyFilesBuildPhase section */
		6B4D77CB213B62A200B150B2 /* CopyFiles */ = {
			isa = PBXCopyFilesBuildPhase;
			buildActionMask = 2147483647;
			dstPath = "";
			dstSubfolderSpec = 10;
			files = (
				6B7D1929213E002C005AA1B4 /* libGLEW.2.0.dylib in CopyFiles */,
				6B7D192A213E002C005AA1B4 /* libGLEW.dylib in CopyFiles */,
				6B7D192B213E002C005AA1B4 /* libHalf.12.dylib in CopyFiles */,
				6B7D192C213E002C005AA1B4 /* libHalf.dylib in CopyFiles */,
				6B7D192D213E002C005AA1B4 /* libIex-2_2.12.dylib in CopyFiles */,
				6B7D192E213E002C005AA1B4 /* libIex-2_2.dylib in CopyFiles */,
				6B7D192F213E002C005AA1B4 /* libIexMath-2_2.12.dylib in CopyFiles */,
				6B7D1930213E002C005AA1B4 /* libIexMath-2_2.dylib in CopyFiles */,
				6B7D1931213E002C005AA1B4 /* libIlmImf-2_2.22.dylib in CopyFiles */,
				6B7D1932213E002C005AA1B4 /* libIlmImf-2_2.dylib in CopyFiles */,
				6B7D1933213E002C005AA1B4 /* libIlmImfUtil-2_2.22.dylib in CopyFiles */,
				6B7D1934213E002C005AA1B4 /* libIlmImfUtil-2_2.dylib in CopyFiles */,
				6B7D1935213E002C005AA1B4 /* libIlmThread-2_2.12.dylib in CopyFiles */,
				6B7D1936213E002C005AA1B4 /* libIlmThread-2_2.dylib in CopyFiles */,
				6B7D1937213E002C005AA1B4 /* libImath-2_2.12.dylib in CopyFiles */,
				6B7D1938213E002C005AA1B4 /* libImath-2_2.dylib in CopyFiles */,
				6B7D1939213E002C005AA1B4 /* libosdGPU.dylib in CopyFiles */,
				6B7D193A213E002C005AA1B4 /* libtbbmalloc_proxy.dylib in CopyFiles */,
				6B7D193B213E002C005AA1B4 /* libz.1.dylib in CopyFiles */,
				6B7D193C213E002C005AA1B4 /* libz.dylib in CopyFiles */,
				6B02CD61213C5D3E006D8E23 /* libboost_atomic.dylib in CopyFiles */,
				6B02CD62213C5D3E006D8E23 /* libboost_date_time.dylib in CopyFiles */,
				6B02CD63213C5D3E006D8E23 /* libboost_filesystem.dylib in CopyFiles */,
				6B02CD64213C5D3E006D8E23 /* libboost_program_options.dylib in CopyFiles */,
				6B02CD65213C5D3E006D8E23 /* libboost_regex.dylib in CopyFiles */,
				6B02CD66213C5D3E006D8E23 /* libboost_system.dylib in CopyFiles */,
				6B02CD67213C5D3E006D8E23 /* libboost_thread.dylib in CopyFiles */,
				6B02CD68213C5D3E006D8E23 /* libGLEW.2.0.0.dylib in CopyFiles */,
				6B02CD6B213C5D3E006D8E23 /* libHalf.12.0.0.dylib in CopyFiles */,
				6B02CD6E213C5D3E006D8E23 /* libIex-2_2.12.0.0.dylib in CopyFiles */,
				6B02CD71213C5D3E006D8E23 /* libIexMath-2_2.12.0.0.dylib in CopyFiles */,
				6B02CD74213C5D3E006D8E23 /* libIlmImf-2_2.22.0.0.dylib in CopyFiles */,
				6B02CD77213C5D3E006D8E23 /* libIlmImfUtil-2_2.22.0.0.dylib in CopyFiles */,
				6B02CD7A213C5D3E006D8E23 /* libIlmThread-2_2.12.0.0.dylib in CopyFiles */,
				6B02CD7D213C5D3E006D8E23 /* libImath-2_2.12.0.0.dylib in CopyFiles */,
				6B02CD80213C5D3E006D8E23 /* libosdCPU.3.1.1.dylib in CopyFiles */,
				6B02CD81213C5D3E006D8E23 /* libosdCPU.dylib in CopyFiles */,
				6B02CD82213C5D3E006D8E23 /* libosdGPU.3.1.1.dylib in CopyFiles */,
				6B02CD84213C5D3E006D8E23 /* libtbb.dylib in CopyFiles */,
				6B02CD86213C5D3E006D8E23 /* libtbbmalloc.dylib in CopyFiles */,
				6B02CD87213C5D3E006D8E23 /* libusd_ms.dylib in CopyFiles */,
				6B02CD88213C5D3E006D8E23 /* libz.1.2.11.dylib in CopyFiles */,
			);
			runOnlyForDeploymentPostprocessing = 0;
		};
/* End PBXCopyFilesBuildPhase section */

/* Begin PBXFileReference section */
		6B02CC95213C5CF7006D8E23 /* schema.usda */ = {isa = PBXFileReference; lastKnownFileType = text; path = schema.usda; sourceTree = "<group>"; };
		6B02CC96213C5CF7006D8E23 /* plugInfo.json */ = {isa = PBXFileReference; lastKnownFileType = text.json; path = plugInfo.json; sourceTree = "<group>"; };
		6B02CC97213C5CF7006D8E23 /* generatedSchema.usda */ = {isa = PBXFileReference; lastKnownFileType = text; path = generatedSchema.usda; sourceTree = "<group>"; };
		6B02CC9B213C5CF7006D8E23 /* schema.usda */ = {isa = PBXFileReference; lastKnownFileType = text; path = schema.usda; sourceTree = "<group>"; };
		6B02CC9C213C5CF7006D8E23 /* plugInfo.json */ = {isa = PBXFileReference; lastKnownFileType = text.json; path = plugInfo.json; sourceTree = "<group>"; };
		6B02CC9D213C5CF7006D8E23 /* generatedSchema.usda */ = {isa = PBXFileReference; lastKnownFileType = text; path = generatedSchema.usda; sourceTree = "<group>"; };
		6B02CCA0213C5CF7006D8E23 /* plugInfo.json */ = {isa = PBXFileReference; lastKnownFileType = text.json; path = plugInfo.json; sourceTree = "<group>"; };
		6B02CCA3213C5CF7006D8E23 /* plugInfo.json */ = {isa = PBXFileReference; lastKnownFileType = text.json; path = plugInfo.json; sourceTree = "<group>"; };
		6B02CCA4213C5CF7006D8E23 /* plugInfo.json */ = {isa = PBXFileReference; lastKnownFileType = text.json; path = plugInfo.json; sourceTree = "<group>"; };
		6B02CCA7213C5CF7006D8E23 /* plugInfo.json */ = {isa = PBXFileReference; lastKnownFileType = text.json; path = plugInfo.json; sourceTree = "<group>"; };
		6B02CCAA213C5CF7006D8E23 /* plugInfo.json */ = {isa = PBXFileReference; lastKnownFileType = text.json; path = plugInfo.json; sourceTree = "<group>"; };
		6B02CCAC213C5CF7006D8E23 /* schema.usda */ = {isa = PBXFileReference; lastKnownFileType = text; path = schema.usda; sourceTree = "<group>"; };
		6B02CCAD213C5CF7006D8E23 /* generatedSchema.usda */ = {isa = PBXFileReference; lastKnownFileType = text; path = generatedSchema.usda; sourceTree = "<group>"; };
		6B02CCB0213C5CF7006D8E23 /* plugInfo.json */ = {isa = PBXFileReference; lastKnownFileType = text.json; path = plugInfo.json; sourceTree = "<group>"; };
		6B02CCB3213C5CF7006D8E23 /* plugInfo.json */ = {isa = PBXFileReference; lastKnownFileType = text.json; path = plugInfo.json; sourceTree = "<group>"; };
		6B02CCB5213C5CF7006D8E23 /* schema.usda */ = {isa = PBXFileReference; lastKnownFileType = text; path = schema.usda; sourceTree = "<group>"; };
		6B02CCB6213C5CF7006D8E23 /* generatedSchema.usda */ = {isa = PBXFileReference; lastKnownFileType = text; path = generatedSchema.usda; sourceTree = "<group>"; };
		6B02CCB9213C5CF7006D8E23 /* plugInfo.json */ = {isa = PBXFileReference; lastKnownFileType = text.json; path = plugInfo.json; sourceTree = "<group>"; };
		6B02CCBB213C5CF7006D8E23 /* ptexTexture.glslfx */ = {isa = PBXFileReference; lastKnownFileType = text; path = ptexTexture.glslfx; sourceTree = "<group>"; };
		6B02CCBC213C5CF7006D8E23 /* simpleShadowMapShader.glslfx */ = {isa = PBXFileReference; lastKnownFileType = text; path = simpleShadowMapShader.glslfx; sourceTree = "<group>"; };
		6B02CCBD213C5CF7006D8E23 /* pcfShader.glslfx */ = {isa = PBXFileReference; lastKnownFileType = text; path = pcfShader.glslfx; sourceTree = "<group>"; };
		6B02CCBE213C5CF7006D8E23 /* simpleLighting.glslfx */ = {isa = PBXFileReference; lastKnownFileType = text; path = simpleLighting.glslfx; sourceTree = "<group>"; };
		6B02CCC1213C5CF7006D8E23 /* plugInfo.json */ = {isa = PBXFileReference; lastKnownFileType = text.json; path = plugInfo.json; sourceTree = "<group>"; };
		6B02CCC4213C5CF7006D8E23 /* plugInfo.json */ = {isa = PBXFileReference; lastKnownFileType = text.json; path = plugInfo.json; sourceTree = "<group>"; };
		6B02CCC5213C5CF7006D8E23 /* generatedSchema.usda */ = {isa = PBXFileReference; lastKnownFileType = text; path = generatedSchema.usda; sourceTree = "<group>"; };
		6B02CCC7213C5CF7006D8E23 /* schema.usda */ = {isa = PBXFileReference; lastKnownFileType = text; path = schema.usda; sourceTree = "<group>"; };
		6B02CCC9213C5CF7006D8E23 /* schemaClass.cpp */ = {isa = PBXFileReference; lastKnownFileType = sourcecode.cpp.cpp; path = schemaClass.cpp; sourceTree = "<group>"; };
		6B02CCCA213C5CF7006D8E23 /* plugInfo.json */ = {isa = PBXFileReference; lastKnownFileType = text.json; path = plugInfo.json; sourceTree = "<group>"; };
		6B02CCCB213C5CF7006D8E23 /* tokens.h */ = {isa = PBXFileReference; lastKnownFileType = sourcecode.c.h; path = tokens.h; sourceTree = "<group>"; };
		6B02CCCC213C5CF7006D8E23 /* api.h */ = {isa = PBXFileReference; lastKnownFileType = sourcecode.c.h; path = api.h; sourceTree = "<group>"; };
		6B02CCCD213C5CF7006D8E23 /* schemaClass.h */ = {isa = PBXFileReference; lastKnownFileType = sourcecode.c.h; path = schemaClass.h; sourceTree = "<group>"; };
		6B02CCCE213C5CF7006D8E23 /* wrapSchemaClass.cpp */ = {isa = PBXFileReference; lastKnownFileType = sourcecode.cpp.cpp; path = wrapSchemaClass.cpp; sourceTree = "<group>"; };
		6B02CCCF213C5CF7006D8E23 /* wrapTokens.cpp */ = {isa = PBXFileReference; lastKnownFileType = sourcecode.cpp.cpp; path = wrapTokens.cpp; sourceTree = "<group>"; };
		6B02CCD0213C5CF7006D8E23 /* tokens.cpp */ = {isa = PBXFileReference; lastKnownFileType = sourcecode.cpp.cpp; path = tokens.cpp; sourceTree = "<group>"; };
		6B02CCD3213C5CF7006D8E23 /* plugInfo.json */ = {isa = PBXFileReference; lastKnownFileType = text.json; path = plugInfo.json; sourceTree = "<group>"; };
		6B02CCD4213C5CF7006D8E23 /* generatedSchema.usda */ = {isa = PBXFileReference; lastKnownFileType = text; path = generatedSchema.usda; sourceTree = "<group>"; };
		6B02CCD6213C5CF7006D8E23 /* schema.usda */ = {isa = PBXFileReference; lastKnownFileType = text; path = schema.usda; sourceTree = "<group>"; };
		6B02CCD9213C5CF7006D8E23 /* plugInfo.json */ = {isa = PBXFileReference; lastKnownFileType = text.json; path = plugInfo.json; sourceTree = "<group>"; };
		6B02CCDC213C5CF7006D8E23 /* plugInfo.json */ = {isa = PBXFileReference; lastKnownFileType = text.json; path = plugInfo.json; sourceTree = "<group>"; };
		6B02CCDD213C5CF7006D8E23 /* generatedSchema.usda */ = {isa = PBXFileReference; lastKnownFileType = text; path = generatedSchema.usda; sourceTree = "<group>"; };
		6B02CCDF213C5CF7006D8E23 /* schema.usda */ = {isa = PBXFileReference; lastKnownFileType = text; path = schema.usda; sourceTree = "<group>"; };
		6B02CCE2213C5CF7006D8E23 /* plugInfo.json */ = {isa = PBXFileReference; lastKnownFileType = text.json; path = plugInfo.json; sourceTree = "<group>"; };
		6B02CCE5213C5CF7006D8E23 /* plugInfo.json */ = {isa = PBXFileReference; lastKnownFileType = text.json; path = plugInfo.json; sourceTree = "<group>"; };
		6B02CCE8213C5CF7006D8E23 /* plugInfo.json */ = {isa = PBXFileReference; lastKnownFileType = text.json; path = plugInfo.json; sourceTree = "<group>"; };
		6B02CCEA213C5CF7006D8E23 /* previewSurface.glslfx */ = {isa = PBXFileReference; lastKnownFileType = text; path = previewSurface.glslfx; sourceTree = "<group>"; };
		6B02CCEB213C5CF7006D8E23 /* drawMode.glslfx */ = {isa = PBXFileReference; lastKnownFileType = text; path = drawMode.glslfx; sourceTree = "<group>"; };
		6B02CCEE213C5CF7006D8E23 /* plugInfo.json */ = {isa = PBXFileReference; lastKnownFileType = text.json; path = plugInfo.json; sourceTree = "<group>"; };
		6B02CCF0213C5CF7006D8E23 /* renderPassShadowShader.glslfx */ = {isa = PBXFileReference; lastKnownFileType = text; path = renderPassShadowShader.glslfx; sourceTree = "<group>"; };
		6B02CCF1213C5CF7006D8E23 /* simpleLightingShader.glslfx */ = {isa = PBXFileReference; lastKnownFileType = text; path = simpleLightingShader.glslfx; sourceTree = "<group>"; };
		6B02CCF2213C5CF7006D8E23 /* renderPassShader.glslfx */ = {isa = PBXFileReference; lastKnownFileType = text; path = renderPassShader.glslfx; sourceTree = "<group>"; };
		6B02CCF3213C5CF7006D8E23 /* renderPass.glslfx */ = {isa = PBXFileReference; lastKnownFileType = text; path = renderPass.glslfx; sourceTree = "<group>"; };
		6B02CCF4213C5CF7006D8E23 /* selection.glslfx */ = {isa = PBXFileReference; lastKnownFileType = text; path = selection.glslfx; sourceTree = "<group>"; };
		6B02CCF5213C5CF7006D8E23 /* renderPassIdShader.glslfx */ = {isa = PBXFileReference; lastKnownFileType = text; path = renderPassIdShader.glslfx; sourceTree = "<group>"; };
		6B02CCF8213C5CF7006D8E23 /* plugInfo.json */ = {isa = PBXFileReference; lastKnownFileType = text.json; path = plugInfo.json; sourceTree = "<group>"; };
		6B02CCFA213C5CF7006D8E23 /* fallbackLightingShader.glslfx */ = {isa = PBXFileReference; lastKnownFileType = text; path = fallbackLightingShader.glslfx; sourceTree = "<group>"; };
		6B02CCFB213C5CF7006D8E23 /* frustumCull.glslfx */ = {isa = PBXFileReference; lastKnownFileType = text; path = frustumCull.glslfx; sourceTree = "<group>"; };
		6B02CCFC213C5CF7006D8E23 /* mesh.glslfx */ = {isa = PBXFileReference; lastKnownFileType = text; path = mesh.glslfx; sourceTree = "<group>"; };
		6B02CCFD213C5CF7006D8E23 /* lighting.glslfx */ = {isa = PBXFileReference; lastKnownFileType = text; path = lighting.glslfx; sourceTree = "<group>"; };
		6B02CCFE213C5CF7006D8E23 /* fallbackLighting.glslfx */ = {isa = PBXFileReference; lastKnownFileType = text; path = fallbackLighting.glslfx; sourceTree = "<group>"; };
		6B02CCFF213C5CF7006D8E23 /* pointId.glslfx */ = {isa = PBXFileReference; lastKnownFileType = text; path = pointId.glslfx; sourceTree = "<group>"; };
		6B02CD00213C5CF7006D8E23 /* meshNormal.glslfx */ = {isa = PBXFileReference; lastKnownFileType = text; path = meshNormal.glslfx; sourceTree = "<group>"; };
		6B02CD01213C5CF7006D8E23 /* edgeId.glslfx */ = {isa = PBXFileReference; lastKnownFileType = text; path = edgeId.glslfx; sourceTree = "<group>"; };
		6B02CD02213C5CF7006D8E23 /* lightingIntegrationShader.glslfx */ = {isa = PBXFileReference; lastKnownFileType = text; path = lightingIntegrationShader.glslfx; sourceTree = "<group>"; };
		6B02CD03213C5CF7006D8E23 /* ptexTexture.glslfx */ = {isa = PBXFileReference; lastKnownFileType = text; path = ptexTexture.glslfx; sourceTree = "<group>"; };
		6B02CD04213C5CF7006D8E23 /* compute.glslfx */ = {isa = PBXFileReference; lastKnownFileType = text; path = compute.glslfx; sourceTree = "<group>"; };
		6B02CD05213C5CF7006D8E23 /* renderPassShader.glslfx */ = {isa = PBXFileReference; lastKnownFileType = text; path = renderPassShader.glslfx; sourceTree = "<group>"; };
		6B02CD06213C5CF7006D8E23 /* meshWire.glslfx */ = {isa = PBXFileReference; lastKnownFileType = text; path = meshWire.glslfx; sourceTree = "<group>"; };
		6B02CD07213C5CF7006D8E23 /* points.glslfx */ = {isa = PBXFileReference; lastKnownFileType = text; path = points.glslfx; sourceTree = "<group>"; };
		6B02CD08213C5CF7006D8E23 /* renderPass.glslfx */ = {isa = PBXFileReference; lastKnownFileType = text; path = renderPass.glslfx; sourceTree = "<group>"; };
		6B02CD09213C5CF7006D8E23 /* terminals.glslfx */ = {isa = PBXFileReference; lastKnownFileType = text; path = terminals.glslfx; sourceTree = "<group>"; };
		6B02CD0A213C5CF7006D8E23 /* fallbackSurface.glslfx */ = {isa = PBXFileReference; lastKnownFileType = text; path = fallbackSurface.glslfx; sourceTree = "<group>"; };
		6B02CD0B213C5CF7006D8E23 /* basisCurves.glslfx */ = {isa = PBXFileReference; lastKnownFileType = text; path = basisCurves.glslfx; sourceTree = "<group>"; };
		6B02CD0C213C5CF7006D8E23 /* instancing.glslfx */ = {isa = PBXFileReference; lastKnownFileType = text; path = instancing.glslfx; sourceTree = "<group>"; };
		6B02CD0D213C5D29006D8E23 /* libboost_regex.dylib */ = {isa = PBXFileReference; lastKnownFileType = "compiled.mach-o.dylib"; name = libboost_regex.dylib; path = deps/lib/libboost_regex.dylib; sourceTree = "<group>"; };
		6B02CD0E213C5D29006D8E23 /* libboost_thread.dylib */ = {isa = PBXFileReference; lastKnownFileType = "compiled.mach-o.dylib"; name = libboost_thread.dylib; path = deps/lib/libboost_thread.dylib; sourceTree = "<group>"; };
		6B02CD0F213C5D29006D8E23 /* libIex-2_2.dylib */ = {isa = PBXFileReference; lastKnownFileType = "compiled.mach-o.dylib"; name = "libIex-2_2.dylib"; path = "deps/lib/libIex-2_2.dylib"; sourceTree = "<group>"; };
		6B02CD10213C5D29006D8E23 /* libboost_program_options.dylib */ = {isa = PBXFileReference; lastKnownFileType = "compiled.mach-o.dylib"; name = libboost_program_options.dylib; path = deps/lib/libboost_program_options.dylib; sourceTree = "<group>"; };
		6B02CD11213C5D29006D8E23 /* libIlmThread-2_2.12.0.0.dylib */ = {isa = PBXFileReference; lastKnownFileType = "compiled.mach-o.dylib"; name = "libIlmThread-2_2.12.0.0.dylib"; path = "deps/lib/libIlmThread-2_2.12.0.0.dylib"; sourceTree = "<group>"; };
		6B02CD12213C5D29006D8E23 /* libosdGPU.dylib */ = {isa = PBXFileReference; lastKnownFileType = "compiled.mach-o.dylib"; name = libosdGPU.dylib; path = deps/lib/libosdGPU.dylib; sourceTree = "<group>"; };
		6B02CD13213C5D29006D8E23 /* libz.dylib */ = {isa = PBXFileReference; lastKnownFileType = "compiled.mach-o.dylib"; name = libz.dylib; path = deps/lib/libz.dylib; sourceTree = "<group>"; };
		6B02CD14213C5D29006D8E23 /* libosdGPU.3.1.1.dylib */ = {isa = PBXFileReference; lastKnownFileType = "compiled.mach-o.dylib"; name = libosdGPU.3.1.1.dylib; path = deps/lib/libosdGPU.3.1.1.dylib; sourceTree = "<group>"; };
		6B02CD15213C5D29006D8E23 /* libtbbmalloc_proxy.dylib */ = {isa = PBXFileReference; lastKnownFileType = "compiled.mach-o.dylib"; name = libtbbmalloc_proxy.dylib; path = deps/lib/libtbbmalloc_proxy.dylib; sourceTree = "<group>"; };
		6B02CD16213C5D29006D8E23 /* libboost_filesystem.dylib */ = {isa = PBXFileReference; lastKnownFileType = "compiled.mach-o.dylib"; name = libboost_filesystem.dylib; path = deps/lib/libboost_filesystem.dylib; sourceTree = "<group>"; };
		6B02CD17213C5D29006D8E23 /* libz.1.2.11.dylib */ = {isa = PBXFileReference; lastKnownFileType = "compiled.mach-o.dylib"; name = libz.1.2.11.dylib; path = deps/lib/libz.1.2.11.dylib; sourceTree = "<group>"; };
		6B02CD18213C5D29006D8E23 /* libIlmImf-2_2.dylib */ = {isa = PBXFileReference; lastKnownFileType = "compiled.mach-o.dylib"; name = "libIlmImf-2_2.dylib"; path = "deps/lib/libIlmImf-2_2.dylib"; sourceTree = "<group>"; };
		6B02CD19213C5D29006D8E23 /* libz.1.dylib */ = {isa = PBXFileReference; lastKnownFileType = "compiled.mach-o.dylib"; name = libz.1.dylib; path = deps/lib/libz.1.dylib; sourceTree = "<group>"; };
		6B02CD1A213C5D2A006D8E23 /* libIlmImf-2_2.22.dylib */ = {isa = PBXFileReference; lastKnownFileType = "compiled.mach-o.dylib"; name = "libIlmImf-2_2.22.dylib"; path = "deps/lib/libIlmImf-2_2.22.dylib"; sourceTree = "<group>"; };
		6B02CD1B213C5D2A006D8E23 /* libtbb.dylib */ = {isa = PBXFileReference; lastKnownFileType = "compiled.mach-o.dylib"; name = libtbb.dylib; path = deps/lib/libtbb.dylib; sourceTree = "<group>"; };
		6B02CD1C213C5D2A006D8E23 /* libusd_ms.dylib */ = {isa = PBXFileReference; lastKnownFileType = "compiled.mach-o.dylib"; name = libusd_ms.dylib; path = deps/lib/libusd_ms.dylib; sourceTree = "<group>"; };
		6B02CD1D213C5D2A006D8E23 /* libIlmThread-2_2.12.dylib */ = {isa = PBXFileReference; lastKnownFileType = "compiled.mach-o.dylib"; name = "libIlmThread-2_2.12.dylib"; path = "deps/lib/libIlmThread-2_2.12.dylib"; sourceTree = "<group>"; };
		6B02CD1E213C5D2A006D8E23 /* libHalf.12.0.0.dylib */ = {isa = PBXFileReference; lastKnownFileType = "compiled.mach-o.dylib"; name = libHalf.12.0.0.dylib; path = deps/lib/libHalf.12.0.0.dylib; sourceTree = "<group>"; };
		6B02CD1F213C5D2A006D8E23 /* libboost_date_time.dylib */ = {isa = PBXFileReference; lastKnownFileType = "compiled.mach-o.dylib"; name = libboost_date_time.dylib; path = deps/lib/libboost_date_time.dylib; sourceTree = "<group>"; };
		6B02CD20213C5D2A006D8E23 /* libGLEW.dylib */ = {isa = PBXFileReference; lastKnownFileType = "compiled.mach-o.dylib"; name = libGLEW.dylib; path = deps/lib/libGLEW.dylib; sourceTree = "<group>"; };
		6B02CD21213C5D2A006D8E23 /* libosdCPU.3.1.1.dylib */ = {isa = PBXFileReference; lastKnownFileType = "compiled.mach-o.dylib"; name = libosdCPU.3.1.1.dylib; path = deps/lib/libosdCPU.3.1.1.dylib; sourceTree = "<group>"; };
		6B02CD22213C5D2A006D8E23 /* libIexMath-2_2.12.0.0.dylib */ = {isa = PBXFileReference; lastKnownFileType = "compiled.mach-o.dylib"; name = "libIexMath-2_2.12.0.0.dylib"; path = "deps/lib/libIexMath-2_2.12.0.0.dylib"; sourceTree = "<group>"; };
		6B02CD23213C5D2A006D8E23 /* libHalf.12.dylib */ = {isa = PBXFileReference; lastKnownFileType = "compiled.mach-o.dylib"; name = libHalf.12.dylib; path = deps/lib/libHalf.12.dylib; sourceTree = "<group>"; };
		6B02CD24213C5D2A006D8E23 /* libIlmImf-2_2.22.0.0.dylib */ = {isa = PBXFileReference; lastKnownFileType = "compiled.mach-o.dylib"; name = "libIlmImf-2_2.22.0.0.dylib"; path = "deps/lib/libIlmImf-2_2.22.0.0.dylib"; sourceTree = "<group>"; };
		6B02CD25213C5D2A006D8E23 /* libIlmThread-2_2.dylib */ = {isa = PBXFileReference; lastKnownFileType = "compiled.mach-o.dylib"; name = "libIlmThread-2_2.dylib"; path = "deps/lib/libIlmThread-2_2.dylib"; sourceTree = "<group>"; };
		6B02CD26213C5D2A006D8E23 /* libImath-2_2.12.dylib */ = {isa = PBXFileReference; lastKnownFileType = "compiled.mach-o.dylib"; name = "libImath-2_2.12.dylib"; path = "deps/lib/libImath-2_2.12.dylib"; sourceTree = "<group>"; };
		6B02CD27213C5D2A006D8E23 /* libIex-2_2.12.dylib */ = {isa = PBXFileReference; lastKnownFileType = "compiled.mach-o.dylib"; name = "libIex-2_2.12.dylib"; path = "deps/lib/libIex-2_2.12.dylib"; sourceTree = "<group>"; };
		6B02CD28213C5D2B006D8E23 /* libboost_system.dylib */ = {isa = PBXFileReference; lastKnownFileType = "compiled.mach-o.dylib"; name = libboost_system.dylib; path = deps/lib/libboost_system.dylib; sourceTree = "<group>"; };
		6B02CD29213C5D2B006D8E23 /* libIex-2_2.12.0.0.dylib */ = {isa = PBXFileReference; lastKnownFileType = "compiled.mach-o.dylib"; name = "libIex-2_2.12.0.0.dylib"; path = "deps/lib/libIex-2_2.12.0.0.dylib"; sourceTree = "<group>"; };
		6B02CD2A213C5D2B006D8E23 /* libIlmImfUtil-2_2.22.dylib */ = {isa = PBXFileReference; lastKnownFileType = "compiled.mach-o.dylib"; name = "libIlmImfUtil-2_2.22.dylib"; path = "deps/lib/libIlmImfUtil-2_2.22.dylib"; sourceTree = "<group>"; };
		6B02CD2B213C5D2B006D8E23 /* libHalf.dylib */ = {isa = PBXFileReference; lastKnownFileType = "compiled.mach-o.dylib"; name = libHalf.dylib; path = deps/lib/libHalf.dylib; sourceTree = "<group>"; };
		6B02CD2C213C5D2B006D8E23 /* libosdCPU.dylib */ = {isa = PBXFileReference; lastKnownFileType = "compiled.mach-o.dylib"; name = libosdCPU.dylib; path = deps/lib/libosdCPU.dylib; sourceTree = "<group>"; };
		6B02CD2D213C5D2B006D8E23 /* libboost_atomic.dylib */ = {isa = PBXFileReference; lastKnownFileType = "compiled.mach-o.dylib"; name = libboost_atomic.dylib; path = deps/lib/libboost_atomic.dylib; sourceTree = "<group>"; };
		6B02CD2E213C5D2B006D8E23 /* libtbbmalloc.dylib */ = {isa = PBXFileReference; lastKnownFileType = "compiled.mach-o.dylib"; name = libtbbmalloc.dylib; path = deps/lib/libtbbmalloc.dylib; sourceTree = "<group>"; };
		6B02CD2F213C5D2B006D8E23 /* libImath-2_2.dylib */ = {isa = PBXFileReference; lastKnownFileType = "compiled.mach-o.dylib"; name = "libImath-2_2.dylib"; path = "deps/lib/libImath-2_2.dylib"; sourceTree = "<group>"; };
		6B02CD30213C5D2B006D8E23 /* libIlmImfUtil-2_2.22.0.0.dylib */ = {isa = PBXFileReference; lastKnownFileType = "compiled.mach-o.dylib"; name = "libIlmImfUtil-2_2.22.0.0.dylib"; path = "deps/lib/libIlmImfUtil-2_2.22.0.0.dylib"; sourceTree = "<group>"; };
		6B02CD31213C5D2B006D8E23 /* libGLEW.2.0.0.dylib */ = {isa = PBXFileReference; lastKnownFileType = "compiled.mach-o.dylib"; name = libGLEW.2.0.0.dylib; path = deps/lib/libGLEW.2.0.0.dylib; sourceTree = "<group>"; };
		6B02CD32213C5D2B006D8E23 /* libGLEW.2.0.dylib */ = {isa = PBXFileReference; lastKnownFileType = "compiled.mach-o.dylib"; name = libGLEW.2.0.dylib; path = deps/lib/libGLEW.2.0.dylib; sourceTree = "<group>"; };
		6B02CD33213C5D2B006D8E23 /* libIlmImfUtil-2_2.dylib */ = {isa = PBXFileReference; lastKnownFileType = "compiled.mach-o.dylib"; name = "libIlmImfUtil-2_2.dylib"; path = "deps/lib/libIlmImfUtil-2_2.dylib"; sourceTree = "<group>"; };
		6B02CD34213C5D2B006D8E23 /* libImath-2_2.12.0.0.dylib */ = {isa = PBXFileReference; lastKnownFileType = "compiled.mach-o.dylib"; name = "libImath-2_2.12.0.0.dylib"; path = "deps/lib/libImath-2_2.12.0.0.dylib"; sourceTree = "<group>"; };
		6B02CD35213C5D2B006D8E23 /* libIexMath-2_2.dylib */ = {isa = PBXFileReference; lastKnownFileType = "compiled.mach-o.dylib"; name = "libIexMath-2_2.dylib"; path = "deps/lib/libIexMath-2_2.dylib"; sourceTree = "<group>"; };
		6B02CD36213C5D2C006D8E23 /* libIexMath-2_2.12.dylib */ = {isa = PBXFileReference; lastKnownFileType = "compiled.mach-o.dylib"; name = "libIexMath-2_2.12.dylib"; path = "deps/lib/libIexMath-2_2.12.dylib"; sourceTree = "<group>"; };
		6B46E8A621271E310057FEEA /* usdview.app */ = {isa = PBXFileReference; explicitFileType = wrapper.application; includeInIndex = 0; path = usdview.app; sourceTree = BUILT_PRODUCTS_DIR; };
		6B46E8A921271E310057FEEA /* AppDelegate.swift */ = {isa = PBXFileReference; lastKnownFileType = sourcecode.swift; path = AppDelegate.swift; sourceTree = "<group>"; };
		6B46E8AB21271E330057FEEA /* Assets.xcassets */ = {isa = PBXFileReference; lastKnownFileType = folder.assetcatalog; path = Assets.xcassets; sourceTree = "<group>"; };
		6B46E8AE21271E330057FEEA /* Base */ = {isa = PBXFileReference; lastKnownFileType = file.xib; name = Base; path = Base.lproj/MainMenu.xib; sourceTree = "<group>"; };
		6B46E8B021271E330057FEEA /* Info.plist */ = {isa = PBXFileReference; lastKnownFileType = text.plist.xml; path = Info.plist; sourceTree = "<group>"; };
		6B46E8B121271E330057FEEA /* usdview.entitlements */ = {isa = PBXFileReference; lastKnownFileType = text.plist.entitlements; path = usdview.entitlements; sourceTree = "<group>"; };
		6B46E8B621271E330057FEEA /* usdviewTests.xctest */ = {isa = PBXFileReference; explicitFileType = wrapper.cfbundle; includeInIndex = 0; path = usdviewTests.xctest; sourceTree = BUILT_PRODUCTS_DIR; };
		6B46E8BA21271E330057FEEA /* UsdviewTests.swift */ = {isa = PBXFileReference; lastKnownFileType = sourcecode.swift; path = UsdviewTests.swift; sourceTree = "<group>"; };
		6B46E8BC21271E330057FEEA /* Info.plist */ = {isa = PBXFileReference; lastKnownFileType = text.plist.xml; path = Info.plist; sourceTree = "<group>"; };
		6B4C697F213BA07900A3E692 /* DocumentController.swift */ = {isa = PBXFileReference; lastKnownFileType = sourcecode.swift; path = DocumentController.swift; sourceTree = "<group>"; };
		6B4C6981213BA64D00A3E692 /* Document.swift */ = {isa = PBXFileReference; lastKnownFileType = sourcecode.swift; path = Document.swift; sourceTree = "<group>"; };
		DAB2E7A5213B3C32001C880B /* usd.swift */ = {isa = PBXFileReference; fileEncoding = 4; lastKnownFileType = sourcecode.swift; path = usd.swift; sourceTree = "<group>"; };
		DAB2E7A6213B3C33001C880B /* sdf.hpp */ = {isa = PBXFileReference; fileEncoding = 4; lastKnownFileType = sourcecode.cpp.h; path = sdf.hpp; sourceTree = "<group>"; };
		DAB2E7A7213B3C33001C880B /* sdf.cpp */ = {isa = PBXFileReference; fileEncoding = 4; lastKnownFileType = sourcecode.cpp.cpp; path = sdf.cpp; sourceTree = "<group>"; };
		DAB2E7A8213B3C33001C880B /* usd.cpp */ = {isa = PBXFileReference; fileEncoding = 4; lastKnownFileType = sourcecode.cpp.cpp; path = usd.cpp; sourceTree = "<group>"; };
		DAB2E7A9213B3C33001C880B /* sdf.swift */ = {isa = PBXFileReference; fileEncoding = 4; lastKnownFileType = sourcecode.swift; path = sdf.swift; sourceTree = "<group>"; };
		DAB2E7AA213B3C33001C880B /* usd.hpp */ = {isa = PBXFileReference; fileEncoding = 4; lastKnownFileType = sourcecode.cpp.h; path = usd.hpp; sourceTree = "<group>"; };
		DAB7366021293572003E070F /* usdview-Bridging-Header.h */ = {isa = PBXFileReference; lastKnownFileType = sourcecode.c.h; path = "usdview-Bridging-Header.h"; sourceTree = "<group>"; };
/* End PBXFileReference section */

/* Begin PBXFrameworksBuildPhase section */
		6B46E8A321271E310057FEEA /* Frameworks */ = {
			isa = PBXFrameworksBuildPhase;
			buildActionMask = 2147483647;
			files = (
				6B02CD37213C5D2C006D8E23 /* libboost_regex.dylib in Frameworks */,
				6B02CD38213C5D2C006D8E23 /* libboost_thread.dylib in Frameworks */,
				6B02CD39213C5D2C006D8E23 /* libIex-2_2.dylib in Frameworks */,
				6B02CD3A213C5D2C006D8E23 /* libboost_program_options.dylib in Frameworks */,
				6B02CD3B213C5D2C006D8E23 /* libIlmThread-2_2.12.0.0.dylib in Frameworks */,
				6B02CD3C213C5D2C006D8E23 /* libosdGPU.dylib in Frameworks */,
				6B02CD3D213C5D2C006D8E23 /* libz.dylib in Frameworks */,
				6B02CD3E213C5D2C006D8E23 /* libosdGPU.3.1.1.dylib in Frameworks */,
				6B02CD40213C5D2C006D8E23 /* libboost_filesystem.dylib in Frameworks */,
				6B02CD41213C5D2C006D8E23 /* libz.1.2.11.dylib in Frameworks */,
				6B02CD42213C5D2C006D8E23 /* libIlmImf-2_2.dylib in Frameworks */,
				6B02CD43213C5D2C006D8E23 /* libz.1.dylib in Frameworks */,
				6B02CD44213C5D2C006D8E23 /* libIlmImf-2_2.22.dylib in Frameworks */,
				6B02CD45213C5D2C006D8E23 /* libtbb.dylib in Frameworks */,
				6B02CD46213C5D2C006D8E23 /* libusd_ms.dylib in Frameworks */,
				6B02CD47213C5D2C006D8E23 /* libIlmThread-2_2.12.dylib in Frameworks */,
				6B02CD48213C5D2C006D8E23 /* libHalf.12.0.0.dylib in Frameworks */,
				6B02CD49213C5D2C006D8E23 /* libboost_date_time.dylib in Frameworks */,
				6B02CD4A213C5D2C006D8E23 /* libGLEW.dylib in Frameworks */,
				6B02CD4B213C5D2C006D8E23 /* libosdCPU.3.1.1.dylib in Frameworks */,
				6B02CD4C213C5D2C006D8E23 /* libIexMath-2_2.12.0.0.dylib in Frameworks */,
				6B02CD4D213C5D2C006D8E23 /* libHalf.12.dylib in Frameworks */,
				6B02CD4E213C5D2C006D8E23 /* libIlmImf-2_2.22.0.0.dylib in Frameworks */,
				6B02CD4F213C5D2C006D8E23 /* libIlmThread-2_2.dylib in Frameworks */,
				6B02CD50213C5D2C006D8E23 /* libImath-2_2.12.dylib in Frameworks */,
				6B02CD51213C5D2C006D8E23 /* libIex-2_2.12.dylib in Frameworks */,
				6B02CD52213C5D2C006D8E23 /* libboost_system.dylib in Frameworks */,
				6B02CD53213C5D2C006D8E23 /* libIex-2_2.12.0.0.dylib in Frameworks */,
				6B02CD54213C5D2C006D8E23 /* libIlmImfUtil-2_2.22.dylib in Frameworks */,
				6B02CD55213C5D2C006D8E23 /* libHalf.dylib in Frameworks */,
				6B02CD56213C5D2C006D8E23 /* libosdCPU.dylib in Frameworks */,
				6B02CD57213C5D2C006D8E23 /* libboost_atomic.dylib in Frameworks */,
				6B02CD58213C5D2C006D8E23 /* libtbbmalloc.dylib in Frameworks */,
				6B02CD59213C5D2C006D8E23 /* libImath-2_2.dylib in Frameworks */,
				6B02CD5A213C5D2C006D8E23 /* libIlmImfUtil-2_2.22.0.0.dylib in Frameworks */,
				6B02CD5B213C5D2C006D8E23 /* libGLEW.2.0.0.dylib in Frameworks */,
				6B02CD5D213C5D2C006D8E23 /* libIlmImfUtil-2_2.dylib in Frameworks */,
				6B02CD5E213C5D2C006D8E23 /* libImath-2_2.12.0.0.dylib in Frameworks */,
				6B02CD60213C5D2C006D8E23 /* libIexMath-2_2.12.dylib in Frameworks */,
			);
			runOnlyForDeploymentPostprocessing = 0;
		};
		6B46E8B321271E330057FEEA /* Frameworks */ = {
			isa = PBXFrameworksBuildPhase;
			buildActionMask = 2147483647;
			files = (
			);
			runOnlyForDeploymentPostprocessing = 0;
		};
/* End PBXFrameworksBuildPhase section */

/* Begin PBXGroup section */
		6B02CC8B213C5B6B006D8E23 /* deps */ = {
			isa = PBXGroup;
			children = (
				6B02CC8C213C5CAB006D8E23 /* lib */,
			);
			path = deps;
			sourceTree = "<group>";
		};
		6B02CC8C213C5CAB006D8E23 /* lib */ = {
			isa = PBXGroup;
			children = (
				6B02CC91213C5CF7006D8E23 /* usd */,
			);
			path = lib;
			sourceTree = "<group>";
		};
		6B02CC91213C5CF7006D8E23 /* usd */ = {
			isa = PBXGroup;
			children = (
				6B02CC92213C5CF7006D8E23 /* usdShade */,
				6B02CC98213C5CF7006D8E23 /* usdUI */,
				6B02CC9E213C5CF7006D8E23 /* usdSkelImaging */,
				6B02CCA1213C5CF7006D8E23 /* sdf */,
				6B02CCA4213C5CF7006D8E23 /* plugInfo.json */,
				6B02CCA5213C5CF7006D8E23 /* hd */,
				6B02CCA8213C5CF7006D8E23 /* usdSkel */,
				6B02CCAE213C5CF7006D8E23 /* usdHydra */,
				6B02CCB1213C5CF7006D8E23 /* usdRi */,
				6B02CCB7213C5CF7006D8E23 /* glf */,
				6B02CCBF213C5CF7006D8E23 /* usdImaging */,
				6B02CCC2213C5CF7006D8E23 /* usd */,
				6B02CCD1213C5CF7006D8E23 /* usdLux */,
				6B02CCD7213C5CF7006D8E23 /* ar */,
				6B02CCDA213C5CF7006D8E23 /* usdGeom */,
				6B02CCE0213C5CF7006D8E23 /* hdStream */,
				6B02CCE3213C5CF7006D8E23 /* ndr */,
				6B02CCE6213C5CF7006D8E23 /* usdImagingGL */,
				6B02CCEC213C5CF7006D8E23 /* hdx */,
				6B02CCF6213C5CF7006D8E23 /* hdSt */,
			);
			path = usd;
			sourceTree = "<group>";
		};
		6B02CC92213C5CF7006D8E23 /* usdShade */ = {
			isa = PBXGroup;
			children = (
				6B02CC93213C5CF7006D8E23 /* resources */,
			);
			path = usdShade;
			sourceTree = "<group>";
		};
		6B02CC93213C5CF7006D8E23 /* resources */ = {
			isa = PBXGroup;
			children = (
				6B02CC94213C5CF7006D8E23 /* usdShade */,
				6B02CC96213C5CF7006D8E23 /* plugInfo.json */,
				6B02CC97213C5CF7006D8E23 /* generatedSchema.usda */,
			);
			path = resources;
			sourceTree = "<group>";
		};
		6B02CC94213C5CF7006D8E23 /* usdShade */ = {
			isa = PBXGroup;
			children = (
				6B02CC95213C5CF7006D8E23 /* schema.usda */,
			);
			path = usdShade;
			sourceTree = "<group>";
		};
		6B02CC98213C5CF7006D8E23 /* usdUI */ = {
			isa = PBXGroup;
			children = (
				6B02CC99213C5CF7006D8E23 /* resources */,
			);
			path = usdUI;
			sourceTree = "<group>";
		};
		6B02CC99213C5CF7006D8E23 /* resources */ = {
			isa = PBXGroup;
			children = (
				6B02CC9A213C5CF7006D8E23 /* usdUI */,
				6B02CC9C213C5CF7006D8E23 /* plugInfo.json */,
				6B02CC9D213C5CF7006D8E23 /* generatedSchema.usda */,
			);
			path = resources;
			sourceTree = "<group>";
		};
		6B02CC9A213C5CF7006D8E23 /* usdUI */ = {
			isa = PBXGroup;
			children = (
				6B02CC9B213C5CF7006D8E23 /* schema.usda */,
			);
			path = usdUI;
			sourceTree = "<group>";
		};
		6B02CC9E213C5CF7006D8E23 /* usdSkelImaging */ = {
			isa = PBXGroup;
			children = (
				6B02CC9F213C5CF7006D8E23 /* resources */,
			);
			path = usdSkelImaging;
			sourceTree = "<group>";
		};
		6B02CC9F213C5CF7006D8E23 /* resources */ = {
			isa = PBXGroup;
			children = (
				6B02CCA0213C5CF7006D8E23 /* plugInfo.json */,
			);
			path = resources;
			sourceTree = "<group>";
		};
		6B02CCA1213C5CF7006D8E23 /* sdf */ = {
			isa = PBXGroup;
			children = (
				6B02CCA2213C5CF7006D8E23 /* resources */,
			);
			path = sdf;
			sourceTree = "<group>";
		};
		6B02CCA2213C5CF7006D8E23 /* resources */ = {
			isa = PBXGroup;
			children = (
				6B02CCA3213C5CF7006D8E23 /* plugInfo.json */,
			);
			path = resources;
			sourceTree = "<group>";
		};
		6B02CCA5213C5CF7006D8E23 /* hd */ = {
			isa = PBXGroup;
			children = (
				6B02CCA6213C5CF7006D8E23 /* resources */,
			);
			path = hd;
			sourceTree = "<group>";
		};
		6B02CCA6213C5CF7006D8E23 /* resources */ = {
			isa = PBXGroup;
			children = (
				6B02CCA7213C5CF7006D8E23 /* plugInfo.json */,
			);
			path = resources;
			sourceTree = "<group>";
		};
		6B02CCA8213C5CF7006D8E23 /* usdSkel */ = {
			isa = PBXGroup;
			children = (
				6B02CCA9213C5CF7006D8E23 /* resources */,
			);
			path = usdSkel;
			sourceTree = "<group>";
		};
		6B02CCA9213C5CF7006D8E23 /* resources */ = {
			isa = PBXGroup;
			children = (
				6B02CCAA213C5CF7006D8E23 /* plugInfo.json */,
				6B02CCAB213C5CF7006D8E23 /* usdSkel */,
				6B02CCAD213C5CF7006D8E23 /* generatedSchema.usda */,
			);
			path = resources;
			sourceTree = "<group>";
		};
		6B02CCAB213C5CF7006D8E23 /* usdSkel */ = {
			isa = PBXGroup;
			children = (
				6B02CCAC213C5CF7006D8E23 /* schema.usda */,
			);
			path = usdSkel;
			sourceTree = "<group>";
		};
		6B02CCAE213C5CF7006D8E23 /* usdHydra */ = {
			isa = PBXGroup;
			children = (
				6B02CCAF213C5CF7006D8E23 /* resources */,
			);
			path = usdHydra;
			sourceTree = "<group>";
		};
		6B02CCAF213C5CF7006D8E23 /* resources */ = {
			isa = PBXGroup;
			children = (
				6B02CCB0213C5CF7006D8E23 /* plugInfo.json */,
			);
			path = resources;
			sourceTree = "<group>";
		};
		6B02CCB1213C5CF7006D8E23 /* usdRi */ = {
			isa = PBXGroup;
			children = (
				6B02CCB2213C5CF7006D8E23 /* resources */,
			);
			path = usdRi;
			sourceTree = "<group>";
		};
		6B02CCB2213C5CF7006D8E23 /* resources */ = {
			isa = PBXGroup;
			children = (
				6B02CCB3213C5CF7006D8E23 /* plugInfo.json */,
				6B02CCB4213C5CF7006D8E23 /* usdRi */,
				6B02CCB6213C5CF7006D8E23 /* generatedSchema.usda */,
			);
			path = resources;
			sourceTree = "<group>";
		};
		6B02CCB4213C5CF7006D8E23 /* usdRi */ = {
			isa = PBXGroup;
			children = (
				6B02CCB5213C5CF7006D8E23 /* schema.usda */,
			);
			path = usdRi;
			sourceTree = "<group>";
		};
		6B02CCB7213C5CF7006D8E23 /* glf */ = {
			isa = PBXGroup;
			children = (
				6B02CCB8213C5CF7006D8E23 /* resources */,
			);
			path = glf;
			sourceTree = "<group>";
		};
		6B02CCB8213C5CF7006D8E23 /* resources */ = {
			isa = PBXGroup;
			children = (
				6B02CCB9213C5CF7006D8E23 /* plugInfo.json */,
				6B02CCBA213C5CF7006D8E23 /* shaders */,
			);
			path = resources;
			sourceTree = "<group>";
		};
		6B02CCBA213C5CF7006D8E23 /* shaders */ = {
			isa = PBXGroup;
			children = (
				6B02CCBB213C5CF7006D8E23 /* ptexTexture.glslfx */,
				6B02CCBC213C5CF7006D8E23 /* simpleShadowMapShader.glslfx */,
				6B02CCBD213C5CF7006D8E23 /* pcfShader.glslfx */,
				6B02CCBE213C5CF7006D8E23 /* simpleLighting.glslfx */,
			);
			path = shaders;
			sourceTree = "<group>";
		};
		6B02CCBF213C5CF7006D8E23 /* usdImaging */ = {
			isa = PBXGroup;
			children = (
				6B02CCC0213C5CF7006D8E23 /* resources */,
			);
			path = usdImaging;
			sourceTree = "<group>";
		};
		6B02CCC0213C5CF7006D8E23 /* resources */ = {
			isa = PBXGroup;
			children = (
				6B02CCC1213C5CF7006D8E23 /* plugInfo.json */,
			);
			path = resources;
			sourceTree = "<group>";
		};
		6B02CCC2213C5CF7006D8E23 /* usd */ = {
			isa = PBXGroup;
			children = (
				6B02CCC3213C5CF7006D8E23 /* resources */,
			);
			path = usd;
			sourceTree = "<group>";
		};
		6B02CCC3213C5CF7006D8E23 /* resources */ = {
			isa = PBXGroup;
			children = (
				6B02CCC4213C5CF7006D8E23 /* plugInfo.json */,
				6B02CCC5213C5CF7006D8E23 /* generatedSchema.usda */,
				6B02CCC6213C5CF7006D8E23 /* usd */,
				6B02CCC8213C5CF7006D8E23 /* codegenTemplates */,
			);
			path = resources;
			sourceTree = "<group>";
		};
		6B02CCC6213C5CF7006D8E23 /* usd */ = {
			isa = PBXGroup;
			children = (
				6B02CCC7213C5CF7006D8E23 /* schema.usda */,
			);
			path = usd;
			sourceTree = "<group>";
		};
		6B02CCC8213C5CF7006D8E23 /* codegenTemplates */ = {
			isa = PBXGroup;
			children = (
				6B02CCC9213C5CF7006D8E23 /* schemaClass.cpp */,
				6B02CCCA213C5CF7006D8E23 /* plugInfo.json */,
				6B02CCCB213C5CF7006D8E23 /* tokens.h */,
				6B02CCCC213C5CF7006D8E23 /* api.h */,
				6B02CCCD213C5CF7006D8E23 /* schemaClass.h */,
				6B02CCCE213C5CF7006D8E23 /* wrapSchemaClass.cpp */,
				6B02CCCF213C5CF7006D8E23 /* wrapTokens.cpp */,
				6B02CCD0213C5CF7006D8E23 /* tokens.cpp */,
			);
			path = codegenTemplates;
			sourceTree = "<group>";
		};
		6B02CCD1213C5CF7006D8E23 /* usdLux */ = {
			isa = PBXGroup;
			children = (
				6B02CCD2213C5CF7006D8E23 /* resources */,
			);
			path = usdLux;
			sourceTree = "<group>";
		};
		6B02CCD2213C5CF7006D8E23 /* resources */ = {
			isa = PBXGroup;
			children = (
				6B02CCD3213C5CF7006D8E23 /* plugInfo.json */,
				6B02CCD4213C5CF7006D8E23 /* generatedSchema.usda */,
				6B02CCD5213C5CF7006D8E23 /* usdLux */,
			);
			path = resources;
			sourceTree = "<group>";
		};
		6B02CCD5213C5CF7006D8E23 /* usdLux */ = {
			isa = PBXGroup;
			children = (
				6B02CCD6213C5CF7006D8E23 /* schema.usda */,
			);
			path = usdLux;
			sourceTree = "<group>";
		};
		6B02CCD7213C5CF7006D8E23 /* ar */ = {
			isa = PBXGroup;
			children = (
				6B02CCD8213C5CF7006D8E23 /* resources */,
			);
			path = ar;
			sourceTree = "<group>";
		};
		6B02CCD8213C5CF7006D8E23 /* resources */ = {
			isa = PBXGroup;
			children = (
				6B02CCD9213C5CF7006D8E23 /* plugInfo.json */,
			);
			path = resources;
			sourceTree = "<group>";
		};
		6B02CCDA213C5CF7006D8E23 /* usdGeom */ = {
			isa = PBXGroup;
			children = (
				6B02CCDB213C5CF7006D8E23 /* resources */,
			);
			path = usdGeom;
			sourceTree = "<group>";
		};
		6B02CCDB213C5CF7006D8E23 /* resources */ = {
			isa = PBXGroup;
			children = (
				6B02CCDC213C5CF7006D8E23 /* plugInfo.json */,
				6B02CCDD213C5CF7006D8E23 /* generatedSchema.usda */,
				6B02CCDE213C5CF7006D8E23 /* usdGeom */,
			);
			path = resources;
			sourceTree = "<group>";
		};
		6B02CCDE213C5CF7006D8E23 /* usdGeom */ = {
			isa = PBXGroup;
			children = (
				6B02CCDF213C5CF7006D8E23 /* schema.usda */,
			);
			path = usdGeom;
			sourceTree = "<group>";
		};
		6B02CCE0213C5CF7006D8E23 /* hdStream */ = {
			isa = PBXGroup;
			children = (
				6B02CCE1213C5CF7006D8E23 /* resources */,
			);
			path = hdStream;
			sourceTree = "<group>";
		};
		6B02CCE1213C5CF7006D8E23 /* resources */ = {
			isa = PBXGroup;
			children = (
				6B02CCE2213C5CF7006D8E23 /* plugInfo.json */,
			);
			path = resources;
			sourceTree = "<group>";
		};
		6B02CCE3213C5CF7006D8E23 /* ndr */ = {
			isa = PBXGroup;
			children = (
				6B02CCE4213C5CF7006D8E23 /* resources */,
			);
			path = ndr;
			sourceTree = "<group>";
		};
		6B02CCE4213C5CF7006D8E23 /* resources */ = {
			isa = PBXGroup;
			children = (
				6B02CCE5213C5CF7006D8E23 /* plugInfo.json */,
			);
			path = resources;
			sourceTree = "<group>";
		};
		6B02CCE6213C5CF7006D8E23 /* usdImagingGL */ = {
			isa = PBXGroup;
			children = (
				6B02CCE7213C5CF7006D8E23 /* resources */,
			);
			path = usdImagingGL;
			sourceTree = "<group>";
		};
		6B02CCE7213C5CF7006D8E23 /* resources */ = {
			isa = PBXGroup;
			children = (
				6B02CCE8213C5CF7006D8E23 /* plugInfo.json */,
				6B02CCE9213C5CF7006D8E23 /* shaders */,
			);
			path = resources;
			sourceTree = "<group>";
		};
		6B02CCE9213C5CF7006D8E23 /* shaders */ = {
			isa = PBXGroup;
			children = (
				6B02CCEA213C5CF7006D8E23 /* previewSurface.glslfx */,
				6B02CCEB213C5CF7006D8E23 /* drawMode.glslfx */,
			);
			path = shaders;
			sourceTree = "<group>";
		};
		6B02CCEC213C5CF7006D8E23 /* hdx */ = {
			isa = PBXGroup;
			children = (
				6B02CCED213C5CF7006D8E23 /* resources */,
			);
			path = hdx;
			sourceTree = "<group>";
		};
		6B02CCED213C5CF7006D8E23 /* resources */ = {
			isa = PBXGroup;
			children = (
				6B02CCEE213C5CF7006D8E23 /* plugInfo.json */,
				6B02CCEF213C5CF7006D8E23 /* shaders */,
			);
			path = resources;
			sourceTree = "<group>";
		};
		6B02CCEF213C5CF7006D8E23 /* shaders */ = {
			isa = PBXGroup;
			children = (
				6B02CCF0213C5CF7006D8E23 /* renderPassShadowShader.glslfx */,
				6B02CCF1213C5CF7006D8E23 /* simpleLightingShader.glslfx */,
				6B02CCF2213C5CF7006D8E23 /* renderPassShader.glslfx */,
				6B02CCF3213C5CF7006D8E23 /* renderPass.glslfx */,
				6B02CCF4213C5CF7006D8E23 /* selection.glslfx */,
				6B02CCF5213C5CF7006D8E23 /* renderPassIdShader.glslfx */,
			);
			path = shaders;
			sourceTree = "<group>";
		};
		6B02CCF6213C5CF7006D8E23 /* hdSt */ = {
			isa = PBXGroup;
			children = (
				6B02CCF7213C5CF7006D8E23 /* resources */,
			);
			path = hdSt;
			sourceTree = "<group>";
		};
		6B02CCF7213C5CF7006D8E23 /* resources */ = {
			isa = PBXGroup;
			children = (
				6B02CCF8213C5CF7006D8E23 /* plugInfo.json */,
				6B02CCF9213C5CF7006D8E23 /* shaders */,
			);
			path = resources;
			sourceTree = "<group>";
		};
		6B02CCF9213C5CF7006D8E23 /* shaders */ = {
			isa = PBXGroup;
			children = (
				6B02CCFA213C5CF7006D8E23 /* fallbackLightingShader.glslfx */,
				6B02CCFB213C5CF7006D8E23 /* frustumCull.glslfx */,
				6B02CCFC213C5CF7006D8E23 /* mesh.glslfx */,
				6B02CCFD213C5CF7006D8E23 /* lighting.glslfx */,
				6B02CCFE213C5CF7006D8E23 /* fallbackLighting.glslfx */,
				6B02CCFF213C5CF7006D8E23 /* pointId.glslfx */,
				6B02CD00213C5CF7006D8E23 /* meshNormal.glslfx */,
				6B02CD01213C5CF7006D8E23 /* edgeId.glslfx */,
				6B02CD02213C5CF7006D8E23 /* lightingIntegrationShader.glslfx */,
				6B02CD03213C5CF7006D8E23 /* ptexTexture.glslfx */,
				6B02CD04213C5CF7006D8E23 /* compute.glslfx */,
				6B02CD05213C5CF7006D8E23 /* renderPassShader.glslfx */,
				6B02CD06213C5CF7006D8E23 /* meshWire.glslfx */,
				6B02CD07213C5CF7006D8E23 /* points.glslfx */,
				6B02CD08213C5CF7006D8E23 /* renderPass.glslfx */,
				6B02CD09213C5CF7006D8E23 /* terminals.glslfx */,
				6B02CD0A213C5CF7006D8E23 /* fallbackSurface.glslfx */,
				6B02CD0B213C5CF7006D8E23 /* basisCurves.glslfx */,
				6B02CD0C213C5CF7006D8E23 /* instancing.glslfx */,
			);
			path = shaders;
			sourceTree = "<group>";
		};
		6B46E89D21271E310057FEEA = {
			isa = PBXGroup;
			children = (
				6B02CC8B213C5B6B006D8E23 /* deps */,
				6B46E8A821271E310057FEEA /* usdview */,
				6B46E8B921271E330057FEEA /* usdviewTests */,
				6B46E8A721271E310057FEEA /* Products */,
				DAB7366421293661003E070F /* Frameworks */,
			);
			sourceTree = "<group>";
		};
		6B46E8A721271E310057FEEA /* Products */ = {
			isa = PBXGroup;
			children = (
				6B46E8A621271E310057FEEA /* usdview.app */,
				6B46E8B621271E330057FEEA /* usdviewTests.xctest */,
			);
			name = Products;
			sourceTree = "<group>";
		};
		6B46E8A821271E310057FEEA /* usdview */ = {
			isa = PBXGroup;
			children = (
				6B46E8A921271E310057FEEA /* AppDelegate.swift */,
				6B4C697F213BA07900A3E692 /* DocumentController.swift */,
				6B4C6981213BA64D00A3E692 /* Document.swift */,
				6B46E8AB21271E330057FEEA /* Assets.xcassets */,
				6B46E8AD21271E330057FEEA /* MainMenu.xib */,
				6B46E8B021271E330057FEEA /* Info.plist */,
				DAB2E7A7213B3C33001C880B /* sdf.cpp */,
				DAB2E7A6213B3C33001C880B /* sdf.hpp */,
				DAB2E7A9213B3C33001C880B /* sdf.swift */,
				DAB2E7A8213B3C33001C880B /* usd.cpp */,
				DAB2E7AA213B3C33001C880B /* usd.hpp */,
				DAB2E7A5213B3C32001C880B /* usd.swift */,
				6B46E8B121271E330057FEEA /* usdview.entitlements */,
				DAB7366021293572003E070F /* usdview-Bridging-Header.h */,
			);
			path = usdview;
			sourceTree = "<group>";
		};
		6B46E8B921271E330057FEEA /* usdviewTests */ = {
			isa = PBXGroup;
			children = (
				6B46E8BA21271E330057FEEA /* UsdviewTests.swift */,
				6B46E8BC21271E330057FEEA /* Info.plist */,
			);
			path = usdviewTests;
			sourceTree = "<group>";
		};
		DAB7366421293661003E070F /* Frameworks */ = {
			isa = PBXGroup;
			children = (
				6B02CD2D213C5D2B006D8E23 /* libboost_atomic.dylib */,
				6B02CD1F213C5D2A006D8E23 /* libboost_date_time.dylib */,
				6B02CD16213C5D29006D8E23 /* libboost_filesystem.dylib */,
				6B02CD10213C5D29006D8E23 /* libboost_program_options.dylib */,
				6B02CD0D213C5D29006D8E23 /* libboost_regex.dylib */,
				6B02CD28213C5D2B006D8E23 /* libboost_system.dylib */,
				6B02CD0E213C5D29006D8E23 /* libboost_thread.dylib */,
				6B02CD31213C5D2B006D8E23 /* libGLEW.2.0.0.dylib */,
				6B02CD32213C5D2B006D8E23 /* libGLEW.2.0.dylib */,
				6B02CD20213C5D2A006D8E23 /* libGLEW.dylib */,
				6B02CD1E213C5D2A006D8E23 /* libHalf.12.0.0.dylib */,
				6B02CD23213C5D2A006D8E23 /* libHalf.12.dylib */,
				6B02CD2B213C5D2B006D8E23 /* libHalf.dylib */,
				6B02CD29213C5D2B006D8E23 /* libIex-2_2.12.0.0.dylib */,
				6B02CD27213C5D2A006D8E23 /* libIex-2_2.12.dylib */,
				6B02CD0F213C5D29006D8E23 /* libIex-2_2.dylib */,
				6B02CD22213C5D2A006D8E23 /* libIexMath-2_2.12.0.0.dylib */,
				6B02CD36213C5D2C006D8E23 /* libIexMath-2_2.12.dylib */,
				6B02CD35213C5D2B006D8E23 /* libIexMath-2_2.dylib */,
				6B02CD24213C5D2A006D8E23 /* libIlmImf-2_2.22.0.0.dylib */,
				6B02CD1A213C5D2A006D8E23 /* libIlmImf-2_2.22.dylib */,
				6B02CD18213C5D29006D8E23 /* libIlmImf-2_2.dylib */,
				6B02CD30213C5D2B006D8E23 /* libIlmImfUtil-2_2.22.0.0.dylib */,
				6B02CD2A213C5D2B006D8E23 /* libIlmImfUtil-2_2.22.dylib */,
				6B02CD33213C5D2B006D8E23 /* libIlmImfUtil-2_2.dylib */,
				6B02CD11213C5D29006D8E23 /* libIlmThread-2_2.12.0.0.dylib */,
				6B02CD1D213C5D2A006D8E23 /* libIlmThread-2_2.12.dylib */,
				6B02CD25213C5D2A006D8E23 /* libIlmThread-2_2.dylib */,
				6B02CD34213C5D2B006D8E23 /* libImath-2_2.12.0.0.dylib */,
				6B02CD26213C5D2A006D8E23 /* libImath-2_2.12.dylib */,
				6B02CD2F213C5D2B006D8E23 /* libImath-2_2.dylib */,
				6B02CD21213C5D2A006D8E23 /* libosdCPU.3.1.1.dylib */,
				6B02CD2C213C5D2B006D8E23 /* libosdCPU.dylib */,
				6B02CD14213C5D29006D8E23 /* libosdGPU.3.1.1.dylib */,
				6B02CD12213C5D29006D8E23 /* libosdGPU.dylib */,
				6B02CD1B213C5D2A006D8E23 /* libtbb.dylib */,
				6B02CD15213C5D29006D8E23 /* libtbbmalloc_proxy.dylib */,
				6B02CD2E213C5D2B006D8E23 /* libtbbmalloc.dylib */,
				6B02CD1C213C5D2A006D8E23 /* libusd_ms.dylib */,
				6B02CD17213C5D29006D8E23 /* libz.1.2.11.dylib */,
				6B02CD19213C5D29006D8E23 /* libz.1.dylib */,
				6B02CD13213C5D29006D8E23 /* libz.dylib */,
			);
			name = Frameworks;
			sourceTree = "<group>";
		};
/* End PBXGroup section */

/* Begin PBXNativeTarget section */
		6B46E8A521271E310057FEEA /* usdview */ = {
			isa = PBXNativeTarget;
			buildConfigurationList = 6B46E8CA21271E330057FEEA /* Build configuration list for PBXNativeTarget "usdview" */;
			buildPhases = (
				6B7D1928213DFFCC005AA1B4 /* Run Script */,
				6B4D77CB213B62A200B150B2 /* CopyFiles */,
				6B4D77D0213B661600B150B2 /* ShellScript */,
				6B46E8A221271E310057FEEA /* Sources */,
				6B46E8A321271E310057FEEA /* Frameworks */,
				6B46E8A421271E310057FEEA /* Resources */,
				6B02CD8E213C5EB9006D8E23 /* ShellScript */,
			);
			buildRules = (
			);
			dependencies = (
			);
			name = usdview;
			productName = usdview;
			productReference = 6B46E8A621271E310057FEEA /* usdview.app */;
			productType = "com.apple.product-type.application";
		};
		6B46E8B521271E330057FEEA /* usdviewTests */ = {
			isa = PBXNativeTarget;
			buildConfigurationList = 6B46E8CD21271E330057FEEA /* Build configuration list for PBXNativeTarget "usdviewTests" */;
			buildPhases = (
				6B46E8B221271E330057FEEA /* Sources */,
				6B46E8B321271E330057FEEA /* Frameworks */,
				6B46E8B421271E330057FEEA /* Resources */,
			);
			buildRules = (
			);
			dependencies = (
				6B46E8B821271E330057FEEA /* PBXTargetDependency */,
			);
			name = usdviewTests;
			productName = usdviewTests;
			productReference = 6B46E8B621271E330057FEEA /* usdviewTests.xctest */;
			productType = "com.apple.product-type.bundle.unit-test";
		};
/* End PBXNativeTarget section */

/* Begin PBXProject section */
		6B46E89E21271E310057FEEA /* Project object */ = {
			isa = PBXProject;
			attributes = {
				LastSwiftUpdateCheck = 0940;
				LastUpgradeCheck = 0940;
				TargetAttributes = {
					6B46E8A521271E310057FEEA = {
						CreatedOnToolsVersion = 9.4.1;
						LastSwiftMigration = 0940;
					};
					6B46E8B521271E330057FEEA = {
						CreatedOnToolsVersion = 9.4.1;
						TestTargetID = 6B46E8A521271E310057FEEA;
					};
				};
			};
			buildConfigurationList = 6B46E8A121271E310057FEEA /* Build configuration list for PBXProject "usdview" */;
			compatibilityVersion = "Xcode 9.3";
			developmentRegion = en;
			hasScannedForEncodings = 0;
			knownRegions = (
				en,
				Base,
			);
			mainGroup = 6B46E89D21271E310057FEEA;
			productRefGroup = 6B46E8A721271E310057FEEA /* Products */;
			projectDirPath = "";
			projectRoot = "";
			targets = (
				6B46E8A521271E310057FEEA /* usdview */,
				6B46E8B521271E330057FEEA /* usdviewTests */,
			);
		};
/* End PBXProject section */

/* Begin PBXResourcesBuildPhase section */
		6B46E8A421271E310057FEEA /* Resources */ = {
			isa = PBXResourcesBuildPhase;
			buildActionMask = 2147483647;
			files = (
				6B46E8AC21271E330057FEEA /* Assets.xcassets in Resources */,
				6B46E8AF21271E330057FEEA /* MainMenu.xib in Resources */,
			);
			runOnlyForDeploymentPostprocessing = 0;
		};
		6B46E8B421271E330057FEEA /* Resources */ = {
			isa = PBXResourcesBuildPhase;
			buildActionMask = 2147483647;
			files = (
			);
			runOnlyForDeploymentPostprocessing = 0;
		};
/* End PBXResourcesBuildPhase section */

/* Begin PBXShellScriptBuildPhase section */
		6B02CD8E213C5EB9006D8E23 /* ShellScript */ = {
			isa = PBXShellScriptBuildPhase;
			buildActionMask = 2147483647;
			files = (
			);
			inputPaths = (
			);
			outputPaths = (
			);
			runOnlyForDeploymentPostprocessing = 0;
			shellPath = /bin/sh;
			shellScript = "cp -r ${PROJECT_DIR}/deps/lib/usd ${TARGET_BUILD_DIR}/${FRAMEWORKS_FOLDER_PATH}\n";
		};
		6B4D77D0213B661600B150B2 /* ShellScript */ = {
			isa = PBXShellScriptBuildPhase;
			buildActionMask = 2147483647;
			files = (
			);
			inputPaths = (
			);
			outputPaths = (
			);
			runOnlyForDeploymentPostprocessing = 0;
			shellPath = /bin/sh;
			shellScript = "cd ${TARGET_BUILD_DIR}/${FRAMEWORKS_FOLDER_PATH}\n#don't change ids of the copied in system swift libraries\nlibs=$(ls | grep dylib | grep -v swift)\n#echo $libs\nfor l in $libs\ndo\n    #echo $l\n    install_name_tool -id @executable_path/../Frameworks/$l $l\ndone";
		};
		6B7D1928213DFFCC005AA1B4 /* Run Script */ = {
			isa = PBXShellScriptBuildPhase;
			buildActionMask = 2147483647;
			files = (
			);
			inputPaths = (
			);
			name = "Run Script";
			outputPaths = (
			);
			runOnlyForDeploymentPostprocessing = 0;
			shellPath = /bin/sh;
			shellScript = "cd ${PROJECT_DIR}/deps/lib\nfor l in *.dylib\ndo\ninstall_name_tool -id @executable_path/../Frameworks/$l $l\ndone\n\n#fixup the internal id references to the shared deps libs.\nGLEW_LIB_NAME=libGLEW.2.0.0.dylib\nGLEW_LIB_OLD_PATH=${PROJECT_DIR}/deps/lib/${GLEW_LIB_NAME}\nGLEW_LIB_NEW_PATH=@executable_path/../Frameworks/${GLEW_LIB_NAME}\ninstall_name_tool -change ${GLEW_LIB_OLD_PATH} ${GLEW_LIB_NEW_PATH} ${PROJECT_DIR}/deps/lib/libosdGPU.dylib\ninstall_name_tool -change ${GLEW_LIB_OLD_PATH} ${GLEW_LIB_NEW_PATH}  ${PROJECT_DIR}/deps/lib/libosdGPU.3.1.1.dylib\ninstall_name_tool -change ${GLEW_LIB_OLD_PATH} ${GLEW_LIB_NEW_PATH} ${PROJECT_DIR}/deps/lib/libusd_ms.dylib\n";
		};
/* End PBXShellScriptBuildPhase section */

/* Begin PBXSourcesBuildPhase section */
		6B46E8A221271E310057FEEA /* Sources */ = {
			isa = PBXSourcesBuildPhase;
			buildActionMask = 2147483647;
			files = (
				DAB2E7AD213B3C33001C880B /* usd.cpp in Sources */,
				DAB2E7AC213B3C33001C880B /* sdf.cpp in Sources */,
				6B4C6980213BA07900A3E692 /* DocumentController.swift in Sources */,
				DAB2E7AB213B3C33001C880B /* usd.swift in Sources */,
				DAB2E7AE213B3C33001C880B /* sdf.swift in Sources */,
				6B4C6982213BA64D00A3E692 /* Document.swift in Sources */,
				6B46E8AA21271E310057FEEA /* AppDelegate.swift in Sources */,
			);
			runOnlyForDeploymentPostprocessing = 0;
		};
		6B46E8B221271E330057FEEA /* Sources */ = {
			isa = PBXSourcesBuildPhase;
			buildActionMask = 2147483647;
			files = (
				6B46E8BB21271E330057FEEA /* UsdviewTests.swift in Sources */,
			);
			runOnlyForDeploymentPostprocessing = 0;
		};
/* End PBXSourcesBuildPhase section */

/* Begin PBXTargetDependency section */
		6B46E8B821271E330057FEEA /* PBXTargetDependency */ = {
			isa = PBXTargetDependency;
			target = 6B46E8A521271E310057FEEA /* usdview */;
			targetProxy = 6B46E8B721271E330057FEEA /* PBXContainerItemProxy */;
		};
/* End PBXTargetDependency section */

/* Begin PBXVariantGroup section */
		6B46E8AD21271E330057FEEA /* MainMenu.xib */ = {
			isa = PBXVariantGroup;
			children = (
				6B46E8AE21271E330057FEEA /* Base */,
			);
			name = MainMenu.xib;
			sourceTree = "<group>";
		};
/* End PBXVariantGroup section */

/* Begin XCBuildConfiguration section */
		6B46E8C821271E330057FEEA /* Debug */ = {
			isa = XCBuildConfiguration;
			buildSettings = {
				ALWAYS_SEARCH_USER_PATHS = NO;
				CLANG_ANALYZER_NONNULL = YES;
				CLANG_ANALYZER_NUMBER_OBJECT_CONVERSION = YES_AGGRESSIVE;
				CLANG_CXX_LANGUAGE_STANDARD = "gnu++14";
				CLANG_CXX_LIBRARY = "libc++";
				CLANG_ENABLE_MODULES = YES;
				CLANG_ENABLE_OBJC_ARC = YES;
				CLANG_ENABLE_OBJC_WEAK = YES;
				CLANG_WARN_BLOCK_CAPTURE_AUTORELEASING = YES;
				CLANG_WARN_BOOL_CONVERSION = YES;
				CLANG_WARN_COMMA = YES;
				CLANG_WARN_CONSTANT_CONVERSION = YES;
				CLANG_WARN_DEPRECATED_OBJC_IMPLEMENTATIONS = YES;
				CLANG_WARN_DIRECT_OBJC_ISA_USAGE = YES_ERROR;
				CLANG_WARN_DOCUMENTATION_COMMENTS = YES;
				CLANG_WARN_EMPTY_BODY = YES;
				CLANG_WARN_ENUM_CONVERSION = YES;
				CLANG_WARN_INFINITE_RECURSION = YES;
				CLANG_WARN_INT_CONVERSION = YES;
				CLANG_WARN_NON_LITERAL_NULL_CONVERSION = YES;
				CLANG_WARN_OBJC_IMPLICIT_RETAIN_SELF = YES;
				CLANG_WARN_OBJC_LITERAL_CONVERSION = YES;
				CLANG_WARN_OBJC_ROOT_CLASS = YES_ERROR;
				CLANG_WARN_RANGE_LOOP_ANALYSIS = YES;
				CLANG_WARN_STRICT_PROTOTYPES = YES;
				CLANG_WARN_SUSPICIOUS_MOVE = YES;
				CLANG_WARN_UNGUARDED_AVAILABILITY = YES_AGGRESSIVE;
				CLANG_WARN_UNREACHABLE_CODE = YES;
				CLANG_WARN__DUPLICATE_METHOD_MATCH = YES;
				CODE_SIGN_IDENTITY = "";
				COPY_PHASE_STRIP = NO;
				DEBUG_INFORMATION_FORMAT = dwarf;
				ENABLE_STRICT_OBJC_MSGSEND = YES;
				ENABLE_TESTABILITY = YES;
				GCC_C_LANGUAGE_STANDARD = gnu11;
				GCC_DYNAMIC_NO_PIC = NO;
				GCC_NO_COMMON_BLOCKS = YES;
				GCC_OPTIMIZATION_LEVEL = 0;
				GCC_PREPROCESSOR_DEFINITIONS = (
					"DEBUG=1",
					"$(inherited)",
				);
				GCC_WARN_64_TO_32_BIT_CONVERSION = YES;
				GCC_WARN_ABOUT_RETURN_TYPE = YES_ERROR;
				GCC_WARN_UNDECLARED_SELECTOR = YES;
				GCC_WARN_UNINITIALIZED_AUTOS = YES_AGGRESSIVE;
				GCC_WARN_UNUSED_FUNCTION = YES;
				GCC_WARN_UNUSED_VARIABLE = YES;
				HEADER_SEARCH_PATHS = "${PROJECT_DIR}/deps/include/";
				LIBRARY_SEARCH_PATHS = "${PROJECT_DIR}/deps/lib/";
				MACOSX_DEPLOYMENT_TARGET = 10.13;
				MTL_ENABLE_DEBUG_INFO = YES;
				ONLY_ACTIVE_ARCH = YES;
				SDKROOT = macosx;
				SWIFT_ACTIVE_COMPILATION_CONDITIONS = DEBUG;
				SWIFT_OPTIMIZATION_LEVEL = "-Onone";
			};
			name = Debug;
		};
		6B46E8C921271E330057FEEA /* Release */ = {
			isa = XCBuildConfiguration;
			buildSettings = {
				ALWAYS_SEARCH_USER_PATHS = NO;
				CLANG_ANALYZER_NONNULL = YES;
				CLANG_ANALYZER_NUMBER_OBJECT_CONVERSION = YES_AGGRESSIVE;
				CLANG_CXX_LANGUAGE_STANDARD = "gnu++14";
				CLANG_CXX_LIBRARY = "libc++";
				CLANG_ENABLE_MODULES = YES;
				CLANG_ENABLE_OBJC_ARC = YES;
				CLANG_ENABLE_OBJC_WEAK = YES;
				CLANG_WARN_BLOCK_CAPTURE_AUTORELEASING = YES;
				CLANG_WARN_BOOL_CONVERSION = YES;
				CLANG_WARN_COMMA = YES;
				CLANG_WARN_CONSTANT_CONVERSION = YES;
				CLANG_WARN_DEPRECATED_OBJC_IMPLEMENTATIONS = YES;
				CLANG_WARN_DIRECT_OBJC_ISA_USAGE = YES_ERROR;
				CLANG_WARN_DOCUMENTATION_COMMENTS = YES;
				CLANG_WARN_EMPTY_BODY = YES;
				CLANG_WARN_ENUM_CONVERSION = YES;
				CLANG_WARN_INFINITE_RECURSION = YES;
				CLANG_WARN_INT_CONVERSION = YES;
				CLANG_WARN_NON_LITERAL_NULL_CONVERSION = YES;
				CLANG_WARN_OBJC_IMPLICIT_RETAIN_SELF = YES;
				CLANG_WARN_OBJC_LITERAL_CONVERSION = YES;
				CLANG_WARN_OBJC_ROOT_CLASS = YES_ERROR;
				CLANG_WARN_RANGE_LOOP_ANALYSIS = YES;
				CLANG_WARN_STRICT_PROTOTYPES = YES;
				CLANG_WARN_SUSPICIOUS_MOVE = YES;
				CLANG_WARN_UNGUARDED_AVAILABILITY = YES_AGGRESSIVE;
				CLANG_WARN_UNREACHABLE_CODE = YES;
				CLANG_WARN__DUPLICATE_METHOD_MATCH = YES;
				CODE_SIGN_IDENTITY = "";
				COPY_PHASE_STRIP = NO;
				DEBUG_INFORMATION_FORMAT = "dwarf-with-dsym";
				ENABLE_NS_ASSERTIONS = NO;
				ENABLE_STRICT_OBJC_MSGSEND = YES;
				GCC_C_LANGUAGE_STANDARD = gnu11;
				GCC_NO_COMMON_BLOCKS = YES;
				GCC_WARN_64_TO_32_BIT_CONVERSION = YES;
				GCC_WARN_ABOUT_RETURN_TYPE = YES_ERROR;
				GCC_WARN_UNDECLARED_SELECTOR = YES;
				GCC_WARN_UNINITIALIZED_AUTOS = YES_AGGRESSIVE;
				GCC_WARN_UNUSED_FUNCTION = YES;
				GCC_WARN_UNUSED_VARIABLE = YES;
				HEADER_SEARCH_PATHS = "${PROJECT_DIR}/deps/include/";
				LIBRARY_SEARCH_PATHS = "${PROJECT_DIR}/deps/lib/";
				MACOSX_DEPLOYMENT_TARGET = 10.13;
				MTL_ENABLE_DEBUG_INFO = NO;
				SDKROOT = macosx;
				SWIFT_COMPILATION_MODE = wholemodule;
				SWIFT_OPTIMIZATION_LEVEL = "-O";
			};
			name = Release;
		};
		6B46E8CB21271E330057FEEA /* Debug */ = {
			isa = XCBuildConfiguration;
			buildSettings = {
				ASSETCATALOG_COMPILER_APPICON_NAME = AppIcon;
				CLANG_CXX_LANGUAGE_STANDARD = "gnu++14";
				CLANG_ENABLE_MODULES = YES;
				CLANG_WARN_DOCUMENTATION_COMMENTS = NO;
				COMBINE_HIDPI_IMAGES = YES;
				GCC_TREAT_WARNINGS_AS_ERRORS = YES;
				GCC_WARN_PEDANTIC = NO;
				INFOPLIST_FILE = usdview/Info.plist;
				LD_RUNPATH_SEARCH_PATHS = (
					"$(inherited)",
					"@executable_path/../Frameworks",
					"$(PROJECT_DIR)/deps/lib",
				);
				LIBRARY_SEARCH_PATHS = (
					"$(inherited)",
					"$(PROJECT_DIR)/deps/lib",
				);
				OTHER_CFLAGS = "";
				OTHER_CPLUSPLUSFLAGS = (
					"$(OTHER_CFLAGS)",
					"-Wno-documentation",
					"-Wno-deprecated",
					"-Wno-comma",
				);
				OTHER_LDFLAGS = "";
				PRODUCT_BUNDLE_IDENTIFIER = "org.usdview-native.usdview";
				PRODUCT_NAME = "$(TARGET_NAME)";
				PROVISIONING_PROFILE_SPECIFIER = "";
				SWIFT_OBJC_BRIDGING_HEADER = "usdview/usdview-Bridging-Header.h";
				SWIFT_OPTIMIZATION_LEVEL = "-Onone";
				SWIFT_VERSION = 4.0;
			};
			name = Debug;
		};
		6B46E8CC21271E330057FEEA /* Release */ = {
			isa = XCBuildConfiguration;
			buildSettings = {
				ASSETCATALOG_COMPILER_APPICON_NAME = AppIcon;
				CLANG_CXX_LANGUAGE_STANDARD = "c++17";
				CLANG_ENABLE_MODULES = YES;
				CLANG_WARN_DOCUMENTATION_COMMENTS = NO;
				COMBINE_HIDPI_IMAGES = YES;
				GCC_TREAT_WARNINGS_AS_ERRORS = YES;
				GCC_WARN_PEDANTIC = NO;
				INFOPLIST_FILE = usdview/Info.plist;
				LD_RUNPATH_SEARCH_PATHS = (
					"$(inherited)",
					"@executable_path/../Frameworks",
					"$(PROJECT_DIR)/deps/lib",
				);
				LIBRARY_SEARCH_PATHS = (
					"$(inherited)",
					"$(PROJECT_DIR)/deps/lib",
				);
				OTHER_CFLAGS = "";
				OTHER_CPLUSPLUSFLAGS = (
					"$(OTHER_CFLAGS)",
					"-Wno-documentation",
					"-Wno-deprecated",
					"-Wno-comma",
				);
				OTHER_LDFLAGS = "";
				PRODUCT_BUNDLE_IDENTIFIER = "org.usdview-native.usdview";
				PRODUCT_NAME = "$(TARGET_NAME)";
				PROVISIONING_PROFILE_SPECIFIER = "";
				SWIFT_OBJC_BRIDGING_HEADER = "usdview/usdview-Bridging-Header.h";
				SWIFT_VERSION = 4.0;
			};
			name = Release;
		};
		6B46E8CE21271E330057FEEA /* Debug */ = {
			isa = XCBuildConfiguration;
			buildSettings = {
				ALWAYS_EMBED_SWIFT_STANDARD_LIBRARIES = YES;
				BUNDLE_LOADER = "$(TEST_HOST)";
				CODE_SIGN_STYLE = Automatic;
				COMBINE_HIDPI_IMAGES = YES;
				INFOPLIST_FILE = usdviewTests/Info.plist;
				LD_RUNPATH_SEARCH_PATHS = (
					"$(inherited)",
					"@executable_path/../Frameworks",
					"@loader_path/../Frameworks",
					"$(PROJECT_DIR)/deps/lib",
				);
				LIBRARY_SEARCH_PATHS = (
					"$(inherited)",
					"$(PROJECT_DIR)/deps/lib",
				);
				PRODUCT_BUNDLE_IDENTIFIER = "org.usdview-native.usdviewTests";
				PRODUCT_NAME = "$(TARGET_NAME)";
				SWIFT_VERSION = 4.0;
				TEST_HOST = "$(BUILT_PRODUCTS_DIR)/usdview.app/Contents/MacOS/usdview";
			};
			name = Debug;
		};
		6B46E8CF21271E330057FEEA /* Release */ = {
			isa = XCBuildConfiguration;
			buildSettings = {
				ALWAYS_EMBED_SWIFT_STANDARD_LIBRARIES = YES;
				BUNDLE_LOADER = "$(TEST_HOST)";
				CODE_SIGN_STYLE = Automatic;
				COMBINE_HIDPI_IMAGES = YES;
				INFOPLIST_FILE = usdviewTests/Info.plist;
				LD_RUNPATH_SEARCH_PATHS = (
					"$(inherited)",
					"@executable_path/../Frameworks",
					"@loader_path/../Frameworks",
					"$(PROJECT_DIR)/deps/lib",
				);
				LIBRARY_SEARCH_PATHS = (
					"$(inherited)",
					"$(PROJECT_DIR)/deps/lib",
				);
				PRODUCT_BUNDLE_IDENTIFIER = "org.usdview-native.usdviewTests";
				PRODUCT_NAME = "$(TARGET_NAME)";
				SWIFT_VERSION = 4.0;
				TEST_HOST = "$(BUILT_PRODUCTS_DIR)/usdview.app/Contents/MacOS/usdview";
			};
			name = Release;
		};
/* End XCBuildConfiguration section */

/* Begin XCConfigurationList section */
		6B46E8A121271E310057FEEA /* Build configuration list for PBXProject "usdview" */ = {
			isa = XCConfigurationList;
			buildConfigurations = (
				6B46E8C821271E330057FEEA /* Debug */,
				6B46E8C921271E330057FEEA /* Release */,
			);
			defaultConfigurationIsVisible = 0;
			defaultConfigurationName = Release;
		};
		6B46E8CA21271E330057FEEA /* Build configuration list for PBXNativeTarget "usdview" */ = {
			isa = XCConfigurationList;
			buildConfigurations = (
				6B46E8CB21271E330057FEEA /* Debug */,
				6B46E8CC21271E330057FEEA /* Release */,
			);
			defaultConfigurationIsVisible = 0;
			defaultConfigurationName = Release;
		};
		6B46E8CD21271E330057FEEA /* Build configuration list for PBXNativeTarget "usdviewTests" */ = {
			isa = XCConfigurationList;
			buildConfigurations = (
				6B46E8CE21271E330057FEEA /* Debug */,
				6B46E8CF21271E330057FEEA /* Release */,
			);
			defaultConfigurationIsVisible = 0;
			defaultConfigurationName = Release;
		};
/* End XCConfigurationList section */
	};
	rootObject = 6B46E89E21271E310057FEEA /* Project object */;
}
