// !$*UTF8*$!
{
	archiveVersion = 1;
	classes = {
	};
	objectVersion = 50;
	objects = {

/* Begin PBXBuildFile section */
		6B46E8AA21271E310057FEEA /* AppDelegate.swift in Sources */ = {isa = PBXBuildFile; fileRef = 6B46E8A921271E310057FEEA /* AppDelegate.swift */; };
		6B46E8AC21271E330057FEEA /* Assets.xcassets in Resources */ = {isa = PBXBuildFile; fileRef = 6B46E8AB21271E330057FEEA /* Assets.xcassets */; };
		6B46E8AF21271E330057FEEA /* MainMenu.xib in Resources */ = {isa = PBXBuildFile; fileRef = 6B46E8AD21271E330057FEEA /* MainMenu.xib */; };
		6B46E8BB21271E330057FEEA /* usdviewTests.swift in Sources */ = {isa = PBXBuildFile; fileRef = 6B46E8BA21271E330057FEEA /* usdviewTests.swift */; };
		6B4D77CC213B62B800B150B2 /* libGLEW.2.0.0.dylib in CopyFiles */ = {isa = PBXBuildFile; fileRef = 6B72C7742139C0E400DB1674 /* libGLEW.2.0.0.dylib */; settings = {ATTRIBUTES = (CodeSignOnCopy, ); }; };
		6B4D77CD213B631E00B150B2 /* libGLEW.a in Frameworks */ = {isa = PBXBuildFile; fileRef = DAB2E79A213B3796001C880B /* libGLEW.a */; };
		6B4D77CE213B637800B150B2 /* libosdGPU.3.1.1.dylib in CopyFiles */ = {isa = PBXBuildFile; fileRef = 6B72C7692139C0E300DB1674 /* libosdGPU.3.1.1.dylib */; settings = {ATTRIBUTES = (CodeSignOnCopy, ); }; };
		6B4D77CF213B643600B150B2 /* libusd_ms.dylib in CopyFiles */ = {isa = PBXBuildFile; fileRef = 6B72C7722139C0E300DB1674 /* libusd_ms.dylib */; settings = {ATTRIBUTES = (CodeSignOnCopy, ); }; };
		6B72C77A2139C0E400DB1674 /* libboost_regex.dylib in Frameworks */ = {isa = PBXBuildFile; fileRef = 6B72C7642139C0E300DB1674 /* libboost_regex.dylib */; };
		6B72C77B2139C0E400DB1674 /* libboost_thread.dylib in Frameworks */ = {isa = PBXBuildFile; fileRef = 6B72C7652139C0E300DB1674 /* libboost_thread.dylib */; };
		6B72C77C2139C0E400DB1674 /* libboost_program_options.dylib in Frameworks */ = {isa = PBXBuildFile; fileRef = 6B72C7662139C0E300DB1674 /* libboost_program_options.dylib */; };
		6B72C77D2139C0E400DB1674 /* libIlmThread-2_2.12.0.0.dylib in Frameworks */ = {isa = PBXBuildFile; fileRef = 6B72C7672139C0E300DB1674 /* libIlmThread-2_2.12.0.0.dylib */; };
		6B72C77E2139C0E400DB1674 /* libIlmImf-2_2.22.0.0.dylib in Frameworks */ = {isa = PBXBuildFile; fileRef = 6B72C7682139C0E300DB1674 /* libIlmImf-2_2.22.0.0.dylib */; };
		6B72C77F2139C0E400DB1674 /* libosdGPU.3.1.1.dylib in Frameworks */ = {isa = PBXBuildFile; fileRef = 6B72C7692139C0E300DB1674 /* libosdGPU.3.1.1.dylib */; };
		6B72C7802139C0E400DB1674 /* libtbbmalloc_proxy.dylib in Frameworks */ = {isa = PBXBuildFile; fileRef = 6B72C76A2139C0E300DB1674 /* libtbbmalloc_proxy.dylib */; };
		6B72C7812139C0E400DB1674 /* libboost_filesystem.dylib in Frameworks */ = {isa = PBXBuildFile; fileRef = 6B72C76B2139C0E300DB1674 /* libboost_filesystem.dylib */; };
		6B72C7822139C0E400DB1674 /* libboost_system.dylib in Frameworks */ = {isa = PBXBuildFile; fileRef = 6B72C76C2139C0E300DB1674 /* libboost_system.dylib */; };
		6B72C7832139C0E400DB1674 /* libz.1.2.11.dylib in Frameworks */ = {isa = PBXBuildFile; fileRef = 6B72C76D2139C0E300DB1674 /* libz.1.2.11.dylib */; };
		6B72C7842139C0E400DB1674 /* libIex-2_2.12.0.0.dylib in Frameworks */ = {isa = PBXBuildFile; fileRef = 6B72C76E2139C0E300DB1674 /* libIex-2_2.12.0.0.dylib */; };
		6B72C7852139C0E400DB1674 /* libtbbmalloc.dylib in Frameworks */ = {isa = PBXBuildFile; fileRef = 6B72C76F2139C0E300DB1674 /* libtbbmalloc.dylib */; };
		6B72C7862139C0E400DB1674 /* libboost_atomic.dylib in Frameworks */ = {isa = PBXBuildFile; fileRef = 6B72C7702139C0E300DB1674 /* libboost_atomic.dylib */; };
		6B72C7872139C0E400DB1674 /* libtbb.dylib in Frameworks */ = {isa = PBXBuildFile; fileRef = 6B72C7712139C0E300DB1674 /* libtbb.dylib */; };
		6B72C7882139C0E400DB1674 /* libusd_ms.dylib in Frameworks */ = {isa = PBXBuildFile; fileRef = 6B72C7722139C0E300DB1674 /* libusd_ms.dylib */; };
		6B72C7892139C0E400DB1674 /* libIlmImfUtil-2_2.22.0.0.dylib in Frameworks */ = {isa = PBXBuildFile; fileRef = 6B72C7732139C0E300DB1674 /* libIlmImfUtil-2_2.22.0.0.dylib */; };
		6B72C78A2139C0E400DB1674 /* libGLEW.2.0.0.dylib in Frameworks */ = {isa = PBXBuildFile; fileRef = 6B72C7742139C0E400DB1674 /* libGLEW.2.0.0.dylib */; };
		6B72C78B2139C0E400DB1674 /* libHalf.12.0.0.dylib in Frameworks */ = {isa = PBXBuildFile; fileRef = 6B72C7752139C0E400DB1674 /* libHalf.12.0.0.dylib */; };
		6B72C78C2139C0E400DB1674 /* libboost_date_time.dylib in Frameworks */ = {isa = PBXBuildFile; fileRef = 6B72C7762139C0E400DB1674 /* libboost_date_time.dylib */; };
		6B72C78D2139C0E400DB1674 /* libosdCPU.3.1.1.dylib in Frameworks */ = {isa = PBXBuildFile; fileRef = 6B72C7772139C0E400DB1674 /* libosdCPU.3.1.1.dylib */; };
		6B72C78E2139C0E400DB1674 /* libIexMath-2_2.12.0.0.dylib in Frameworks */ = {isa = PBXBuildFile; fileRef = 6B72C7782139C0E400DB1674 /* libIexMath-2_2.12.0.0.dylib */; };
		6B72C78F2139C0E400DB1674 /* libImath-2_2.12.0.0.dylib in Frameworks */ = {isa = PBXBuildFile; fileRef = 6B72C7792139C0E400DB1674 /* libImath-2_2.12.0.0.dylib */; };
		DAB2E769213B3789001C880B /* libboost_atomic.dylib in Frameworks */ = {isa = PBXBuildFile; fileRef = 6B72C7702139C0E300DB1674 /* libboost_atomic.dylib */; };
		DAB2E76A213B3789001C880B /* libboost_date_time.dylib in Frameworks */ = {isa = PBXBuildFile; fileRef = 6B72C7762139C0E400DB1674 /* libboost_date_time.dylib */; };
		DAB2E76B213B3789001C880B /* libboost_filesystem.dylib in Frameworks */ = {isa = PBXBuildFile; fileRef = 6B72C76B2139C0E300DB1674 /* libboost_filesystem.dylib */; };
		DAB2E76C213B3789001C880B /* libboost_program_options.dylib in Frameworks */ = {isa = PBXBuildFile; fileRef = 6B72C7662139C0E300DB1674 /* libboost_program_options.dylib */; };
		DAB2E76D213B3789001C880B /* libboost_regex.dylib in Frameworks */ = {isa = PBXBuildFile; fileRef = 6B72C7642139C0E300DB1674 /* libboost_regex.dylib */; };
		DAB2E76E213B3789001C880B /* libboost_system.dylib in Frameworks */ = {isa = PBXBuildFile; fileRef = 6B72C76C2139C0E300DB1674 /* libboost_system.dylib */; };
		DAB2E76F213B3789001C880B /* libboost_thread.dylib in Frameworks */ = {isa = PBXBuildFile; fileRef = 6B72C7652139C0E300DB1674 /* libboost_thread.dylib */; };
		DAB2E770213B3789001C880B /* libGLEW.2.0.0.dylib in Frameworks */ = {isa = PBXBuildFile; fileRef = 6B72C7742139C0E400DB1674 /* libGLEW.2.0.0.dylib */; };
		DAB2E771213B3789001C880B /* libGLEW.2.0.0.dylib in Frameworks */ = {isa = PBXBuildFile; fileRef = 6B72C7742139C0E400DB1674 /* libGLEW.2.0.0.dylib */; };
		DAB2E772213B3789001C880B /* libGLEW.2.0.0.dylib in Frameworks */ = {isa = PBXBuildFile; fileRef = 6B72C7742139C0E400DB1674 /* libGLEW.2.0.0.dylib */; };
		DAB2E773213B3789001C880B /* libHalf.12.0.0.dylib in Frameworks */ = {isa = PBXBuildFile; fileRef = 6B72C7752139C0E400DB1674 /* libHalf.12.0.0.dylib */; };
		DAB2E774213B3789001C880B /* libHalf.12.0.0.dylib in Frameworks */ = {isa = PBXBuildFile; fileRef = 6B72C7752139C0E400DB1674 /* libHalf.12.0.0.dylib */; };
		DAB2E775213B3789001C880B /* libHalf.12.0.0.dylib in Frameworks */ = {isa = PBXBuildFile; fileRef = 6B72C7752139C0E400DB1674 /* libHalf.12.0.0.dylib */; };
		DAB2E776213B3789001C880B /* libIex-2_2.12.0.0.dylib in Frameworks */ = {isa = PBXBuildFile; fileRef = 6B72C76E2139C0E300DB1674 /* libIex-2_2.12.0.0.dylib */; };
		DAB2E777213B3789001C880B /* libIex-2_2.12.0.0.dylib in Frameworks */ = {isa = PBXBuildFile; fileRef = 6B72C76E2139C0E300DB1674 /* libIex-2_2.12.0.0.dylib */; };
		DAB2E778213B3789001C880B /* libIex-2_2.12.0.0.dylib in Frameworks */ = {isa = PBXBuildFile; fileRef = 6B72C76E2139C0E300DB1674 /* libIex-2_2.12.0.0.dylib */; };
		DAB2E779213B3789001C880B /* libIexMath-2_2.12.0.0.dylib in Frameworks */ = {isa = PBXBuildFile; fileRef = 6B72C7782139C0E400DB1674 /* libIexMath-2_2.12.0.0.dylib */; };
		DAB2E77A213B3789001C880B /* libIexMath-2_2.12.0.0.dylib in Frameworks */ = {isa = PBXBuildFile; fileRef = 6B72C7782139C0E400DB1674 /* libIexMath-2_2.12.0.0.dylib */; };
		DAB2E77B213B3789001C880B /* libIexMath-2_2.12.0.0.dylib in Frameworks */ = {isa = PBXBuildFile; fileRef = 6B72C7782139C0E400DB1674 /* libIexMath-2_2.12.0.0.dylib */; };
		DAB2E77C213B3789001C880B /* libIlmImf-2_2.22.0.0.dylib in Frameworks */ = {isa = PBXBuildFile; fileRef = 6B72C7682139C0E300DB1674 /* libIlmImf-2_2.22.0.0.dylib */; };
		DAB2E77D213B3789001C880B /* libIlmImf-2_2.22.0.0.dylib in Frameworks */ = {isa = PBXBuildFile; fileRef = 6B72C7682139C0E300DB1674 /* libIlmImf-2_2.22.0.0.dylib */; };
		DAB2E77E213B3789001C880B /* libIlmImf-2_2.22.0.0.dylib in Frameworks */ = {isa = PBXBuildFile; fileRef = 6B72C7682139C0E300DB1674 /* libIlmImf-2_2.22.0.0.dylib */; };
		DAB2E77F213B3789001C880B /* libIlmImfUtil-2_2.22.0.0.dylib in Frameworks */ = {isa = PBXBuildFile; fileRef = 6B72C7732139C0E300DB1674 /* libIlmImfUtil-2_2.22.0.0.dylib */; };
		DAB2E780213B3789001C880B /* libIlmImfUtil-2_2.22.0.0.dylib in Frameworks */ = {isa = PBXBuildFile; fileRef = 6B72C7732139C0E300DB1674 /* libIlmImfUtil-2_2.22.0.0.dylib */; };
		DAB2E781213B3789001C880B /* libIlmImfUtil-2_2.22.0.0.dylib in Frameworks */ = {isa = PBXBuildFile; fileRef = 6B72C7732139C0E300DB1674 /* libIlmImfUtil-2_2.22.0.0.dylib */; };
		DAB2E782213B3789001C880B /* libIlmThread-2_2.12.0.0.dylib in Frameworks */ = {isa = PBXBuildFile; fileRef = 6B72C7672139C0E300DB1674 /* libIlmThread-2_2.12.0.0.dylib */; };
		DAB2E783213B3789001C880B /* libIlmThread-2_2.12.0.0.dylib in Frameworks */ = {isa = PBXBuildFile; fileRef = 6B72C7672139C0E300DB1674 /* libIlmThread-2_2.12.0.0.dylib */; };
		DAB2E784213B3789001C880B /* libIlmThread-2_2.12.0.0.dylib in Frameworks */ = {isa = PBXBuildFile; fileRef = 6B72C7672139C0E300DB1674 /* libIlmThread-2_2.12.0.0.dylib */; };
		DAB2E785213B3789001C880B /* libImath-2_2.12.0.0.dylib in Frameworks */ = {isa = PBXBuildFile; fileRef = 6B72C7792139C0E400DB1674 /* libImath-2_2.12.0.0.dylib */; };
		DAB2E786213B3789001C880B /* libImath-2_2.12.0.0.dylib in Frameworks */ = {isa = PBXBuildFile; fileRef = 6B72C7792139C0E400DB1674 /* libImath-2_2.12.0.0.dylib */; };
		DAB2E787213B3789001C880B /* libImath-2_2.12.0.0.dylib in Frameworks */ = {isa = PBXBuildFile; fileRef = 6B72C7792139C0E400DB1674 /* libImath-2_2.12.0.0.dylib */; };
		DAB2E788213B3789001C880B /* libosdCPU.3.1.1.dylib in Frameworks */ = {isa = PBXBuildFile; fileRef = 6B72C7772139C0E400DB1674 /* libosdCPU.3.1.1.dylib */; };
		DAB2E789213B3789001C880B /* libosdCPU.3.1.1.dylib in Frameworks */ = {isa = PBXBuildFile; fileRef = 6B72C7772139C0E400DB1674 /* libosdCPU.3.1.1.dylib */; };
		DAB2E78A213B3789001C880B /* libosdGPU.3.1.1.dylib in Frameworks */ = {isa = PBXBuildFile; fileRef = 6B72C7692139C0E300DB1674 /* libosdGPU.3.1.1.dylib */; };
		DAB2E78B213B3789001C880B /* libosdGPU.3.1.1.dylib in Frameworks */ = {isa = PBXBuildFile; fileRef = 6B72C7692139C0E300DB1674 /* libosdGPU.3.1.1.dylib */; };
		DAB2E78C213B3789001C880B /* libtbb.dylib in Frameworks */ = {isa = PBXBuildFile; fileRef = 6B72C7712139C0E300DB1674 /* libtbb.dylib */; };
		DAB2E78D213B3789001C880B /* libtbbmalloc_proxy.dylib in Frameworks */ = {isa = PBXBuildFile; fileRef = 6B72C76A2139C0E300DB1674 /* libtbbmalloc_proxy.dylib */; };
		DAB2E78E213B3789001C880B /* libtbbmalloc.dylib in Frameworks */ = {isa = PBXBuildFile; fileRef = 6B72C76F2139C0E300DB1674 /* libtbbmalloc.dylib */; };
		DAB2E78F213B3789001C880B /* libusd_ms.dylib in Frameworks */ = {isa = PBXBuildFile; fileRef = 6B72C7722139C0E300DB1674 /* libusd_ms.dylib */; };
		DAB2E790213B3789001C880B /* libz.1.2.11.dylib in Frameworks */ = {isa = PBXBuildFile; fileRef = 6B72C76D2139C0E300DB1674 /* libz.1.2.11.dylib */; };
		DAB2E791213B3789001C880B /* libz.1.2.11.dylib in Frameworks */ = {isa = PBXBuildFile; fileRef = 6B72C76D2139C0E300DB1674 /* libz.1.2.11.dylib */; };
		DAB2E792213B3789001C880B /* libz.1.2.11.dylib in Frameworks */ = {isa = PBXBuildFile; fileRef = 6B72C76D2139C0E300DB1674 /* libz.1.2.11.dylib */; };
		DAB2E79D213B3796001C880B /* libosdCPU.a in Frameworks */ = {isa = PBXBuildFile; fileRef = DAB2E794213B3796001C880B /* libosdCPU.a */; };
		DAB2E79F213B3796001C880B /* libz.a in Frameworks */ = {isa = PBXBuildFile; fileRef = DAB2E796213B3796001C880B /* libz.a */; };
		DAB2E7A0213B3796001C880B /* libosdGPU.a in Frameworks */ = {isa = PBXBuildFile; fileRef = DAB2E797213B3796001C880B /* libosdGPU.a */; };
		DAB2E7A3213B3796001C880B /* libGLEW.a in Frameworks */ = {isa = PBXBuildFile; fileRef = DAB2E79A213B3796001C880B /* libGLEW.a */; };
		DAB2E7AB213B3C33001C880B /* usd.swift in Sources */ = {isa = PBXBuildFile; fileRef = DAB2E7A5213B3C32001C880B /* usd.swift */; };
		DAB2E7AC213B3C33001C880B /* sdf.cpp in Sources */ = {isa = PBXBuildFile; fileRef = DAB2E7A7213B3C33001C880B /* sdf.cpp */; };
		DAB2E7AD213B3C33001C880B /* usd.cpp in Sources */ = {isa = PBXBuildFile; fileRef = DAB2E7A8213B3C33001C880B /* usd.cpp */; };
		DAB2E7AE213B3C33001C880B /* sdf.swift in Sources */ = {isa = PBXBuildFile; fileRef = DAB2E7A9213B3C33001C880B /* sdf.swift */; };
/* End PBXBuildFile section */

/* Begin PBXContainerItemProxy section */
		6B46E8B721271E330057FEEA /* PBXContainerItemProxy */ = {
			isa = PBXContainerItemProxy;
			containerPortal = 6B46E89E21271E310057FEEA /* Project object */;
			proxyType = 1;
			remoteGlobalIDString = 6B46E8A521271E310057FEEA;
			remoteInfo = usdview;
		};
/* End PBXContainerItemProxy section */

/* Begin PBXCopyFilesBuildPhase section */
		6B4D77CB213B62A200B150B2 /* CopyFiles */ = {
			isa = PBXCopyFilesBuildPhase;
			buildActionMask = 2147483647;
			dstPath = "";
			dstSubfolderSpec = 10;
			files = (
				6B4D77CF213B643600B150B2 /* libusd_ms.dylib in CopyFiles */,
				6B4D77CE213B637800B150B2 /* libosdGPU.3.1.1.dylib in CopyFiles */,
				6B4D77CC213B62B800B150B2 /* libGLEW.2.0.0.dylib in CopyFiles */,
			);
			runOnlyForDeploymentPostprocessing = 0;
		};
/* End PBXCopyFilesBuildPhase section */

/* Begin PBXFileReference section */
		6B46E8A621271E310057FEEA /* usdview.app */ = {isa = PBXFileReference; explicitFileType = wrapper.application; includeInIndex = 0; path = usdview.app; sourceTree = BUILT_PRODUCTS_DIR; };
		6B46E8A921271E310057FEEA /* AppDelegate.swift */ = {isa = PBXFileReference; lastKnownFileType = sourcecode.swift; path = AppDelegate.swift; sourceTree = "<group>"; };
		6B46E8AB21271E330057FEEA /* Assets.xcassets */ = {isa = PBXFileReference; lastKnownFileType = folder.assetcatalog; path = Assets.xcassets; sourceTree = "<group>"; };
		6B46E8AE21271E330057FEEA /* Base */ = {isa = PBXFileReference; lastKnownFileType = file.xib; name = Base; path = Base.lproj/MainMenu.xib; sourceTree = "<group>"; };
		6B46E8B021271E330057FEEA /* Info.plist */ = {isa = PBXFileReference; lastKnownFileType = text.plist.xml; path = Info.plist; sourceTree = "<group>"; };
		6B46E8B121271E330057FEEA /* usdview.entitlements */ = {isa = PBXFileReference; lastKnownFileType = text.plist.entitlements; path = usdview.entitlements; sourceTree = "<group>"; };
		6B46E8B621271E330057FEEA /* usdviewTests.xctest */ = {isa = PBXFileReference; explicitFileType = wrapper.cfbundle; includeInIndex = 0; path = usdviewTests.xctest; sourceTree = BUILT_PRODUCTS_DIR; };
		6B46E8BA21271E330057FEEA /* usdviewTests.swift */ = {isa = PBXFileReference; lastKnownFileType = sourcecode.swift; path = usdviewTests.swift; sourceTree = "<group>"; };
		6B46E8BC21271E330057FEEA /* Info.plist */ = {isa = PBXFileReference; lastKnownFileType = text.plist.xml; path = Info.plist; sourceTree = "<group>"; };
		6B72C7642139C0E300DB1674 /* libboost_regex.dylib */ = {isa = PBXFileReference; lastKnownFileType = "compiled.mach-o.dylib"; name = libboost_regex.dylib; path = deps/lib/libboost_regex.dylib; sourceTree = "<group>"; };
		6B72C7652139C0E300DB1674 /* libboost_thread.dylib */ = {isa = PBXFileReference; lastKnownFileType = "compiled.mach-o.dylib"; name = libboost_thread.dylib; path = deps/lib/libboost_thread.dylib; sourceTree = "<group>"; };
		6B72C7662139C0E300DB1674 /* libboost_program_options.dylib */ = {isa = PBXFileReference; lastKnownFileType = "compiled.mach-o.dylib"; name = libboost_program_options.dylib; path = deps/lib/libboost_program_options.dylib; sourceTree = "<group>"; };
		6B72C7672139C0E300DB1674 /* libIlmThread-2_2.12.0.0.dylib */ = {isa = PBXFileReference; lastKnownFileType = "compiled.mach-o.dylib"; name = "libIlmThread-2_2.12.0.0.dylib"; path = "deps/lib/libIlmThread-2_2.12.0.0.dylib"; sourceTree = "<group>"; };
		6B72C7682139C0E300DB1674 /* libIlmImf-2_2.22.0.0.dylib */ = {isa = PBXFileReference; lastKnownFileType = "compiled.mach-o.dylib"; name = "libIlmImf-2_2.22.0.0.dylib"; path = "deps/lib/libIlmImf-2_2.22.0.0.dylib"; sourceTree = "<group>"; };
		6B72C7692139C0E300DB1674 /* libosdGPU.3.1.1.dylib */ = {isa = PBXFileReference; lastKnownFileType = "compiled.mach-o.dylib"; name = libosdGPU.3.1.1.dylib; path = deps/lib/libosdGPU.3.1.1.dylib; sourceTree = "<group>"; };
		6B72C76A2139C0E300DB1674 /* libtbbmalloc_proxy.dylib */ = {isa = PBXFileReference; lastKnownFileType = "compiled.mach-o.dylib"; name = libtbbmalloc_proxy.dylib; path = deps/lib/libtbbmalloc_proxy.dylib; sourceTree = "<group>"; };
		6B72C76B2139C0E300DB1674 /* libboost_filesystem.dylib */ = {isa = PBXFileReference; lastKnownFileType = "compiled.mach-o.dylib"; name = libboost_filesystem.dylib; path = deps/lib/libboost_filesystem.dylib; sourceTree = "<group>"; };
		6B72C76C2139C0E300DB1674 /* libboost_system.dylib */ = {isa = PBXFileReference; lastKnownFileType = "compiled.mach-o.dylib"; name = libboost_system.dylib; path = deps/lib/libboost_system.dylib; sourceTree = "<group>"; };
		6B72C76D2139C0E300DB1674 /* libz.1.2.11.dylib */ = {isa = PBXFileReference; lastKnownFileType = "compiled.mach-o.dylib"; name = libz.1.2.11.dylib; path = deps/lib/libz.1.2.11.dylib; sourceTree = "<group>"; };
		6B72C76E2139C0E300DB1674 /* libIex-2_2.12.0.0.dylib */ = {isa = PBXFileReference; lastKnownFileType = "compiled.mach-o.dylib"; name = "libIex-2_2.12.0.0.dylib"; path = "deps/lib/libIex-2_2.12.0.0.dylib"; sourceTree = "<group>"; };
		6B72C76F2139C0E300DB1674 /* libtbbmalloc.dylib */ = {isa = PBXFileReference; lastKnownFileType = "compiled.mach-o.dylib"; name = libtbbmalloc.dylib; path = deps/lib/libtbbmalloc.dylib; sourceTree = "<group>"; };
		6B72C7702139C0E300DB1674 /* libboost_atomic.dylib */ = {isa = PBXFileReference; lastKnownFileType = "compiled.mach-o.dylib"; name = libboost_atomic.dylib; path = deps/lib/libboost_atomic.dylib; sourceTree = "<group>"; };
		6B72C7712139C0E300DB1674 /* libtbb.dylib */ = {isa = PBXFileReference; lastKnownFileType = "compiled.mach-o.dylib"; name = libtbb.dylib; path = deps/lib/libtbb.dylib; sourceTree = "<group>"; };
		6B72C7722139C0E300DB1674 /* libusd_ms.dylib */ = {isa = PBXFileReference; lastKnownFileType = "compiled.mach-o.dylib"; name = libusd_ms.dylib; path = deps/lib/libusd_ms.dylib; sourceTree = "<group>"; };
		6B72C7732139C0E300DB1674 /* libIlmImfUtil-2_2.22.0.0.dylib */ = {isa = PBXFileReference; lastKnownFileType = "compiled.mach-o.dylib"; name = "libIlmImfUtil-2_2.22.0.0.dylib"; path = "deps/lib/libIlmImfUtil-2_2.22.0.0.dylib"; sourceTree = "<group>"; };
		6B72C7742139C0E400DB1674 /* libGLEW.2.0.0.dylib */ = {isa = PBXFileReference; lastKnownFileType = "compiled.mach-o.dylib"; name = libGLEW.2.0.0.dylib; path = deps/lib/libGLEW.2.0.0.dylib; sourceTree = "<group>"; };
		6B72C7752139C0E400DB1674 /* libHalf.12.0.0.dylib */ = {isa = PBXFileReference; lastKnownFileType = "compiled.mach-o.dylib"; name = libHalf.12.0.0.dylib; path = deps/lib/libHalf.12.0.0.dylib; sourceTree = "<group>"; };
		6B72C7762139C0E400DB1674 /* libboost_date_time.dylib */ = {isa = PBXFileReference; lastKnownFileType = "compiled.mach-o.dylib"; name = libboost_date_time.dylib; path = deps/lib/libboost_date_time.dylib; sourceTree = "<group>"; };
		6B72C7772139C0E400DB1674 /* libosdCPU.3.1.1.dylib */ = {isa = PBXFileReference; lastKnownFileType = "compiled.mach-o.dylib"; name = libosdCPU.3.1.1.dylib; path = deps/lib/libosdCPU.3.1.1.dylib; sourceTree = "<group>"; };
		6B72C7782139C0E400DB1674 /* libIexMath-2_2.12.0.0.dylib */ = {isa = PBXFileReference; lastKnownFileType = "compiled.mach-o.dylib"; name = "libIexMath-2_2.12.0.0.dylib"; path = "deps/lib/libIexMath-2_2.12.0.0.dylib"; sourceTree = "<group>"; };
		6B72C7792139C0E400DB1674 /* libImath-2_2.12.0.0.dylib */ = {isa = PBXFileReference; lastKnownFileType = "compiled.mach-o.dylib"; name = "libImath-2_2.12.0.0.dylib"; path = "deps/lib/libImath-2_2.12.0.0.dylib"; sourceTree = "<group>"; };
		DAB2E793213B3796001C880B /* libImath-2_2.la */ = {isa = PBXFileReference; lastKnownFileType = text; name = "libImath-2_2.la"; path = "deps/lib/libImath-2_2.la"; sourceTree = "<group>"; };
		DAB2E794213B3796001C880B /* libosdCPU.a */ = {isa = PBXFileReference; lastKnownFileType = archive.ar; name = libosdCPU.a; path = deps/lib/libosdCPU.a; sourceTree = "<group>"; };
		DAB2E795213B3796001C880B /* libIexMath-2_2.la */ = {isa = PBXFileReference; lastKnownFileType = text; name = "libIexMath-2_2.la"; path = "deps/lib/libIexMath-2_2.la"; sourceTree = "<group>"; };
		DAB2E796213B3796001C880B /* libz.a */ = {isa = PBXFileReference; lastKnownFileType = archive.ar; name = libz.a; path = deps/lib/libz.a; sourceTree = "<group>"; };
		DAB2E797213B3796001C880B /* libosdGPU.a */ = {isa = PBXFileReference; lastKnownFileType = archive.ar; name = libosdGPU.a; path = deps/lib/libosdGPU.a; sourceTree = "<group>"; };
		DAB2E798213B3796001C880B /* libIlmThread-2_2.la */ = {isa = PBXFileReference; lastKnownFileType = text; name = "libIlmThread-2_2.la"; path = "deps/lib/libIlmThread-2_2.la"; sourceTree = "<group>"; };
		DAB2E799213B3796001C880B /* libHalf.la */ = {isa = PBXFileReference; lastKnownFileType = text; name = libHalf.la; path = deps/lib/libHalf.la; sourceTree = "<group>"; };
		DAB2E79A213B3796001C880B /* libGLEW.a */ = {isa = PBXFileReference; lastKnownFileType = archive.ar; name = libGLEW.a; path = deps/lib/libGLEW.a; sourceTree = "<group>"; };
		DAB2E79B213B3796001C880B /* libIex-2_2.la */ = {isa = PBXFileReference; lastKnownFileType = text; name = "libIex-2_2.la"; path = "deps/lib/libIex-2_2.la"; sourceTree = "<group>"; };
		DAB2E7A5213B3C32001C880B /* usd.swift */ = {isa = PBXFileReference; fileEncoding = 4; lastKnownFileType = sourcecode.swift; path = usd.swift; sourceTree = "<group>"; };
		DAB2E7A6213B3C33001C880B /* sdf.hpp */ = {isa = PBXFileReference; fileEncoding = 4; lastKnownFileType = sourcecode.cpp.h; path = sdf.hpp; sourceTree = "<group>"; };
		DAB2E7A7213B3C33001C880B /* sdf.cpp */ = {isa = PBXFileReference; fileEncoding = 4; lastKnownFileType = sourcecode.cpp.cpp; path = sdf.cpp; sourceTree = "<group>"; };
		DAB2E7A8213B3C33001C880B /* usd.cpp */ = {isa = PBXFileReference; fileEncoding = 4; lastKnownFileType = sourcecode.cpp.cpp; path = usd.cpp; sourceTree = "<group>"; };
		DAB2E7A9213B3C33001C880B /* sdf.swift */ = {isa = PBXFileReference; fileEncoding = 4; lastKnownFileType = sourcecode.swift; path = sdf.swift; sourceTree = "<group>"; };
		DAB2E7AA213B3C33001C880B /* usd.hpp */ = {isa = PBXFileReference; fileEncoding = 4; lastKnownFileType = sourcecode.cpp.h; path = usd.hpp; sourceTree = "<group>"; };
		DAB7366021293572003E070F /* usdview-Bridging-Header.h */ = {isa = PBXFileReference; lastKnownFileType = sourcecode.c.h; path = "usdview-Bridging-Header.h"; sourceTree = "<group>"; };
/* End PBXFileReference section */

/* Begin PBXFrameworksBuildPhase section */
		6B46E8A321271E310057FEEA /* Frameworks */ = {
			isa = PBXFrameworksBuildPhase;
			buildActionMask = 2147483647;
			files = (
				6B72C77A2139C0E400DB1674 /* libboost_regex.dylib in Frameworks */,
				6B72C77B2139C0E400DB1674 /* libboost_thread.dylib in Frameworks */,
				6B72C77C2139C0E400DB1674 /* libboost_program_options.dylib in Frameworks */,
				6B72C77D2139C0E400DB1674 /* libIlmThread-2_2.12.0.0.dylib in Frameworks */,
				6B72C77E2139C0E400DB1674 /* libIlmImf-2_2.22.0.0.dylib in Frameworks */,
				6B72C77F2139C0E400DB1674 /* libosdGPU.3.1.1.dylib in Frameworks */,
				6B72C7802139C0E400DB1674 /* libtbbmalloc_proxy.dylib in Frameworks */,
				6B72C7812139C0E400DB1674 /* libboost_filesystem.dylib in Frameworks */,
				6B72C7822139C0E400DB1674 /* libboost_system.dylib in Frameworks */,
				6B72C7832139C0E400DB1674 /* libz.1.2.11.dylib in Frameworks */,
				6B72C7842139C0E400DB1674 /* libIex-2_2.12.0.0.dylib in Frameworks */,
				6B72C7852139C0E400DB1674 /* libtbbmalloc.dylib in Frameworks */,
				6B72C7862139C0E400DB1674 /* libboost_atomic.dylib in Frameworks */,
				6B72C7872139C0E400DB1674 /* libtbb.dylib in Frameworks */,
				6B72C7882139C0E400DB1674 /* libusd_ms.dylib in Frameworks */,
				6B72C7892139C0E400DB1674 /* libIlmImfUtil-2_2.22.0.0.dylib in Frameworks */,
				6B72C78A2139C0E400DB1674 /* libGLEW.2.0.0.dylib in Frameworks */,
				6B72C78B2139C0E400DB1674 /* libHalf.12.0.0.dylib in Frameworks */,
				6B72C78C2139C0E400DB1674 /* libboost_date_time.dylib in Frameworks */,
				6B72C78D2139C0E400DB1674 /* libosdCPU.3.1.1.dylib in Frameworks */,
				6B72C78E2139C0E400DB1674 /* libIexMath-2_2.12.0.0.dylib in Frameworks */,
				6B4D77CD213B631E00B150B2 /* libGLEW.a in Frameworks */,
				6B72C78F2139C0E400DB1674 /* libImath-2_2.12.0.0.dylib in Frameworks */,
			);
			runOnlyForDeploymentPostprocessing = 0;
		};
		6B46E8B321271E330057FEEA /* Frameworks */ = {
			isa = PBXFrameworksBuildPhase;
			buildActionMask = 2147483647;
			files = (
				DAB2E79D213B3796001C880B /* libosdCPU.a in Frameworks */,
				DAB2E79F213B3796001C880B /* libz.a in Frameworks */,
				DAB2E7A0213B3796001C880B /* libosdGPU.a in Frameworks */,
				DAB2E7A3213B3796001C880B /* libGLEW.a in Frameworks */,
				DAB2E769213B3789001C880B /* libboost_atomic.dylib in Frameworks */,
				DAB2E76A213B3789001C880B /* libboost_date_time.dylib in Frameworks */,
				DAB2E76B213B3789001C880B /* libboost_filesystem.dylib in Frameworks */,
				DAB2E76C213B3789001C880B /* libboost_program_options.dylib in Frameworks */,
				DAB2E76D213B3789001C880B /* libboost_regex.dylib in Frameworks */,
				DAB2E76E213B3789001C880B /* libboost_system.dylib in Frameworks */,
				DAB2E76F213B3789001C880B /* libboost_thread.dylib in Frameworks */,
				DAB2E770213B3789001C880B /* libGLEW.2.0.0.dylib in Frameworks */,
				DAB2E771213B3789001C880B /* libGLEW.2.0.0.dylib in Frameworks */,
				DAB2E772213B3789001C880B /* libGLEW.2.0.0.dylib in Frameworks */,
				DAB2E773213B3789001C880B /* libHalf.12.0.0.dylib in Frameworks */,
				DAB2E774213B3789001C880B /* libHalf.12.0.0.dylib in Frameworks */,
				DAB2E775213B3789001C880B /* libHalf.12.0.0.dylib in Frameworks */,
				DAB2E776213B3789001C880B /* libIex-2_2.12.0.0.dylib in Frameworks */,
				DAB2E777213B3789001C880B /* libIex-2_2.12.0.0.dylib in Frameworks */,
				DAB2E778213B3789001C880B /* libIex-2_2.12.0.0.dylib in Frameworks */,
				DAB2E779213B3789001C880B /* libIexMath-2_2.12.0.0.dylib in Frameworks */,
				DAB2E77A213B3789001C880B /* libIexMath-2_2.12.0.0.dylib in Frameworks */,
				DAB2E77B213B3789001C880B /* libIexMath-2_2.12.0.0.dylib in Frameworks */,
				DAB2E77C213B3789001C880B /* libIlmImf-2_2.22.0.0.dylib in Frameworks */,
				DAB2E77D213B3789001C880B /* libIlmImf-2_2.22.0.0.dylib in Frameworks */,
				DAB2E77E213B3789001C880B /* libIlmImf-2_2.22.0.0.dylib in Frameworks */,
				DAB2E77F213B3789001C880B /* libIlmImfUtil-2_2.22.0.0.dylib in Frameworks */,
				DAB2E780213B3789001C880B /* libIlmImfUtil-2_2.22.0.0.dylib in Frameworks */,
				DAB2E781213B3789001C880B /* libIlmImfUtil-2_2.22.0.0.dylib in Frameworks */,
				DAB2E782213B3789001C880B /* libIlmThread-2_2.12.0.0.dylib in Frameworks */,
				DAB2E783213B3789001C880B /* libIlmThread-2_2.12.0.0.dylib in Frameworks */,
				DAB2E784213B3789001C880B /* libIlmThread-2_2.12.0.0.dylib in Frameworks */,
				DAB2E785213B3789001C880B /* libImath-2_2.12.0.0.dylib in Frameworks */,
				DAB2E786213B3789001C880B /* libImath-2_2.12.0.0.dylib in Frameworks */,
				DAB2E787213B3789001C880B /* libImath-2_2.12.0.0.dylib in Frameworks */,
				DAB2E788213B3789001C880B /* libosdCPU.3.1.1.dylib in Frameworks */,
				DAB2E789213B3789001C880B /* libosdCPU.3.1.1.dylib in Frameworks */,
				DAB2E78A213B3789001C880B /* libosdGPU.3.1.1.dylib in Frameworks */,
				DAB2E78B213B3789001C880B /* libosdGPU.3.1.1.dylib in Frameworks */,
				DAB2E78C213B3789001C880B /* libtbb.dylib in Frameworks */,
				DAB2E78D213B3789001C880B /* libtbbmalloc_proxy.dylib in Frameworks */,
				DAB2E78E213B3789001C880B /* libtbbmalloc.dylib in Frameworks */,
				DAB2E78F213B3789001C880B /* libusd_ms.dylib in Frameworks */,
				DAB2E790213B3789001C880B /* libz.1.2.11.dylib in Frameworks */,
				DAB2E791213B3789001C880B /* libz.1.2.11.dylib in Frameworks */,
				DAB2E792213B3789001C880B /* libz.1.2.11.dylib in Frameworks */,
			);
			runOnlyForDeploymentPostprocessing = 0;
		};
/* End PBXFrameworksBuildPhase section */

/* Begin PBXGroup section */
		6B46E89D21271E310057FEEA = {
			isa = PBXGroup;
			children = (
				6B46E8A821271E310057FEEA /* usdview */,
				6B46E8B921271E330057FEEA /* usdviewTests */,
				6B46E8A721271E310057FEEA /* Products */,
				DAB7366421293661003E070F /* Frameworks */,
			);
			sourceTree = "<group>";
		};
		6B46E8A721271E310057FEEA /* Products */ = {
			isa = PBXGroup;
			children = (
				6B46E8A621271E310057FEEA /* usdview.app */,
				6B46E8B621271E330057FEEA /* usdviewTests.xctest */,
			);
			name = Products;
			sourceTree = "<group>";
		};
		6B46E8A821271E310057FEEA /* usdview */ = {
			isa = PBXGroup;
			children = (
				6B46E8A921271E310057FEEA /* AppDelegate.swift */,
				6B46E8AB21271E330057FEEA /* Assets.xcassets */,
				6B46E8AD21271E330057FEEA /* MainMenu.xib */,
				6B46E8B021271E330057FEEA /* Info.plist */,
				DAB2E7A7213B3C33001C880B /* sdf.cpp */,
				DAB2E7A6213B3C33001C880B /* sdf.hpp */,
				DAB2E7A9213B3C33001C880B /* sdf.swift */,
				DAB2E7A8213B3C33001C880B /* usd.cpp */,
				DAB2E7AA213B3C33001C880B /* usd.hpp */,
				DAB2E7A5213B3C32001C880B /* usd.swift */,
				6B46E8B121271E330057FEEA /* usdview.entitlements */,
				DAB7366021293572003E070F /* usdview-Bridging-Header.h */,
			);
			path = usdview;
			sourceTree = "<group>";
		};
		6B46E8B921271E330057FEEA /* usdviewTests */ = {
			isa = PBXGroup;
			children = (
				6B46E8BA21271E330057FEEA /* usdviewTests.swift */,
				6B46E8BC21271E330057FEEA /* Info.plist */,
			);
			path = usdviewTests;
			sourceTree = "<group>";
		};
		DAB7366421293661003E070F /* Frameworks */ = {
			isa = PBXGroup;
			children = (
				DAB2E79A213B3796001C880B /* libGLEW.a */,
				DAB2E799213B3796001C880B /* libHalf.la */,
				DAB2E79B213B3796001C880B /* libIex-2_2.la */,
				DAB2E795213B3796001C880B /* libIexMath-2_2.la */,
				DAB2E798213B3796001C880B /* libIlmThread-2_2.la */,
				DAB2E793213B3796001C880B /* libImath-2_2.la */,
				DAB2E794213B3796001C880B /* libosdCPU.a */,
				DAB2E797213B3796001C880B /* libosdGPU.a */,
				DAB2E796213B3796001C880B /* libz.a */,
				6B72C7702139C0E300DB1674 /* libboost_atomic.dylib */,
				6B72C7762139C0E400DB1674 /* libboost_date_time.dylib */,
				6B72C76B2139C0E300DB1674 /* libboost_filesystem.dylib */,
				6B72C7662139C0E300DB1674 /* libboost_program_options.dylib */,
				6B72C7642139C0E300DB1674 /* libboost_regex.dylib */,
				6B72C76C2139C0E300DB1674 /* libboost_system.dylib */,
				6B72C7652139C0E300DB1674 /* libboost_thread.dylib */,
				6B72C7742139C0E400DB1674 /* libGLEW.2.0.0.dylib */,
				6B72C7752139C0E400DB1674 /* libHalf.12.0.0.dylib */,
				6B72C76E2139C0E300DB1674 /* libIex-2_2.12.0.0.dylib */,
				6B72C7782139C0E400DB1674 /* libIexMath-2_2.12.0.0.dylib */,
				6B72C7682139C0E300DB1674 /* libIlmImf-2_2.22.0.0.dylib */,
				6B72C7732139C0E300DB1674 /* libIlmImfUtil-2_2.22.0.0.dylib */,
				6B72C7672139C0E300DB1674 /* libIlmThread-2_2.12.0.0.dylib */,
				6B72C7792139C0E400DB1674 /* libImath-2_2.12.0.0.dylib */,
				6B72C7772139C0E400DB1674 /* libosdCPU.3.1.1.dylib */,
				6B72C7692139C0E300DB1674 /* libosdGPU.3.1.1.dylib */,
				6B72C7712139C0E300DB1674 /* libtbb.dylib */,
				6B72C76A2139C0E300DB1674 /* libtbbmalloc_proxy.dylib */,
				6B72C76F2139C0E300DB1674 /* libtbbmalloc.dylib */,
				6B72C7722139C0E300DB1674 /* libusd_ms.dylib */,
				6B72C76D2139C0E300DB1674 /* libz.1.2.11.dylib */,
			);
			name = Frameworks;
			sourceTree = "<group>";
		};
/* End PBXGroup section */

/* Begin PBXNativeTarget section */
		6B46E8A521271E310057FEEA /* usdview */ = {
			isa = PBXNativeTarget;
			buildConfigurationList = 6B46E8CA21271E330057FEEA /* Build configuration list for PBXNativeTarget "usdview" */;
			buildPhases = (
				6B4D77CB213B62A200B150B2 /* CopyFiles */,
				6B4D77D0213B661600B150B2 /* ShellScript */,
				6B46E8A221271E310057FEEA /* Sources */,
				6B46E8A321271E310057FEEA /* Frameworks */,
				6B46E8A421271E310057FEEA /* Resources */,
			);
			buildRules = (
			);
			dependencies = (
			);
			name = usdview;
			productName = usdview;
			productReference = 6B46E8A621271E310057FEEA /* usdview.app */;
			productType = "com.apple.product-type.application";
		};
		6B46E8B521271E330057FEEA /* usdviewTests */ = {
			isa = PBXNativeTarget;
			buildConfigurationList = 6B46E8CD21271E330057FEEA /* Build configuration list for PBXNativeTarget "usdviewTests" */;
			buildPhases = (
				6B46E8B221271E330057FEEA /* Sources */,
				6B46E8B321271E330057FEEA /* Frameworks */,
				6B46E8B421271E330057FEEA /* Resources */,
			);
			buildRules = (
			);
			dependencies = (
				6B46E8B821271E330057FEEA /* PBXTargetDependency */,
			);
			name = usdviewTests;
			productName = usdviewTests;
			productReference = 6B46E8B621271E330057FEEA /* usdviewTests.xctest */;
			productType = "com.apple.product-type.bundle.unit-test";
		};
/* End PBXNativeTarget section */

/* Begin PBXProject section */
		6B46E89E21271E310057FEEA /* Project object */ = {
			isa = PBXProject;
			attributes = {
				LastSwiftUpdateCheck = 0940;
				LastUpgradeCheck = 0940;
				TargetAttributes = {
					6B46E8A521271E310057FEEA = {
						CreatedOnToolsVersion = 9.4.1;
						LastSwiftMigration = 0940;
					};
					6B46E8B521271E330057FEEA = {
						CreatedOnToolsVersion = 9.4.1;
						TestTargetID = 6B46E8A521271E310057FEEA;
					};
				};
			};
			buildConfigurationList = 6B46E8A121271E310057FEEA /* Build configuration list for PBXProject "usdview" */;
			compatibilityVersion = "Xcode 9.3";
			developmentRegion = en;
			hasScannedForEncodings = 0;
			knownRegions = (
				en,
				Base,
			);
			mainGroup = 6B46E89D21271E310057FEEA;
			productRefGroup = 6B46E8A721271E310057FEEA /* Products */;
			projectDirPath = "";
			projectRoot = "";
			targets = (
				6B46E8A521271E310057FEEA /* usdview */,
				6B46E8B521271E330057FEEA /* usdviewTests */,
			);
		};
/* End PBXProject section */

/* Begin PBXResourcesBuildPhase section */
		6B46E8A421271E310057FEEA /* Resources */ = {
			isa = PBXResourcesBuildPhase;
			buildActionMask = 2147483647;
			files = (
				6B46E8AC21271E330057FEEA /* Assets.xcassets in Resources */,
				6B46E8AF21271E330057FEEA /* MainMenu.xib in Resources */,
			);
			runOnlyForDeploymentPostprocessing = 0;
		};
		6B46E8B421271E330057FEEA /* Resources */ = {
			isa = PBXResourcesBuildPhase;
			buildActionMask = 2147483647;
			files = (
			);
			runOnlyForDeploymentPostprocessing = 0;
		};
/* End PBXResourcesBuildPhase section */

/* Begin PBXShellScriptBuildPhase section */
		6B4D77D0213B661600B150B2 /* ShellScript */ = {
			isa = PBXShellScriptBuildPhase;
			buildActionMask = 2147483647;
			files = (
			);
			inputPaths = (
			);
			outputPaths = (
			);
			runOnlyForDeploymentPostprocessing = 0;
			shellPath = /bin/sh;
			shellScript = "cd ${TARGET_BUILD_DIR}/${FRAMEWORKS_FOLDER_PATH}\n#don't change ids of the copied in system swift libraries\nlibs=$(ls | grep dylib | grep -v swift)\n#echo $libs\nfor l in $libs\ndo\n    #echo $l\n    install_name_tool -id @executable_path/../Frameworks/$l $l\ndone";
		};
/* End PBXShellScriptBuildPhase section */

/* Begin PBXSourcesBuildPhase section */
		6B46E8A221271E310057FEEA /* Sources */ = {
			isa = PBXSourcesBuildPhase;
			buildActionMask = 2147483647;
			files = (
				DAB2E7AD213B3C33001C880B /* usd.cpp in Sources */,
				DAB2E7AC213B3C33001C880B /* sdf.cpp in Sources */,
				DAB2E7AB213B3C33001C880B /* usd.swift in Sources */,
				DAB2E7AE213B3C33001C880B /* sdf.swift in Sources */,
				6B46E8AA21271E310057FEEA /* AppDelegate.swift in Sources */,
			);
			runOnlyForDeploymentPostprocessing = 0;
		};
		6B46E8B221271E330057FEEA /* Sources */ = {
			isa = PBXSourcesBuildPhase;
			buildActionMask = 2147483647;
			files = (
				6B46E8BB21271E330057FEEA /* usdviewTests.swift in Sources */,
			);
			runOnlyForDeploymentPostprocessing = 0;
		};
/* End PBXSourcesBuildPhase section */

/* Begin PBXTargetDependency section */
		6B46E8B821271E330057FEEA /* PBXTargetDependency */ = {
			isa = PBXTargetDependency;
			target = 6B46E8A521271E310057FEEA /* usdview */;
			targetProxy = 6B46E8B721271E330057FEEA /* PBXContainerItemProxy */;
		};
/* End PBXTargetDependency section */

/* Begin PBXVariantGroup section */
		6B46E8AD21271E330057FEEA /* MainMenu.xib */ = {
			isa = PBXVariantGroup;
			children = (
				6B46E8AE21271E330057FEEA /* Base */,
			);
			name = MainMenu.xib;
			sourceTree = "<group>";
		};
/* End PBXVariantGroup section */

/* Begin XCBuildConfiguration section */
		6B46E8C821271E330057FEEA /* Debug */ = {
			isa = XCBuildConfiguration;
			buildSettings = {
				ALWAYS_SEARCH_USER_PATHS = NO;
				CLANG_ANALYZER_NONNULL = YES;
				CLANG_ANALYZER_NUMBER_OBJECT_CONVERSION = YES_AGGRESSIVE;
				CLANG_CXX_LANGUAGE_STANDARD = "gnu++14";
				CLANG_CXX_LIBRARY = "libc++";
				CLANG_ENABLE_MODULES = YES;
				CLANG_ENABLE_OBJC_ARC = YES;
				CLANG_ENABLE_OBJC_WEAK = YES;
				CLANG_WARN_BLOCK_CAPTURE_AUTORELEASING = YES;
				CLANG_WARN_BOOL_CONVERSION = YES;
				CLANG_WARN_COMMA = YES;
				CLANG_WARN_CONSTANT_CONVERSION = YES;
				CLANG_WARN_DEPRECATED_OBJC_IMPLEMENTATIONS = YES;
				CLANG_WARN_DIRECT_OBJC_ISA_USAGE = YES_ERROR;
				CLANG_WARN_DOCUMENTATION_COMMENTS = YES;
				CLANG_WARN_EMPTY_BODY = YES;
				CLANG_WARN_ENUM_CONVERSION = YES;
				CLANG_WARN_INFINITE_RECURSION = YES;
				CLANG_WARN_INT_CONVERSION = YES;
				CLANG_WARN_NON_LITERAL_NULL_CONVERSION = YES;
				CLANG_WARN_OBJC_IMPLICIT_RETAIN_SELF = YES;
				CLANG_WARN_OBJC_LITERAL_CONVERSION = YES;
				CLANG_WARN_OBJC_ROOT_CLASS = YES_ERROR;
				CLANG_WARN_RANGE_LOOP_ANALYSIS = YES;
				CLANG_WARN_STRICT_PROTOTYPES = YES;
				CLANG_WARN_SUSPICIOUS_MOVE = YES;
				CLANG_WARN_UNGUARDED_AVAILABILITY = YES_AGGRESSIVE;
				CLANG_WARN_UNREACHABLE_CODE = YES;
				CLANG_WARN__DUPLICATE_METHOD_MATCH = YES;
				CODE_SIGN_IDENTITY = "-";
				COPY_PHASE_STRIP = NO;
				DEBUG_INFORMATION_FORMAT = dwarf;
				ENABLE_STRICT_OBJC_MSGSEND = YES;
				ENABLE_TESTABILITY = YES;
				GCC_C_LANGUAGE_STANDARD = gnu11;
				GCC_DYNAMIC_NO_PIC = NO;
				GCC_NO_COMMON_BLOCKS = YES;
				GCC_OPTIMIZATION_LEVEL = 0;
				GCC_PREPROCESSOR_DEFINITIONS = (
					"DEBUG=1",
					"$(inherited)",
				);
				GCC_WARN_64_TO_32_BIT_CONVERSION = YES;
				GCC_WARN_ABOUT_RETURN_TYPE = YES_ERROR;
				GCC_WARN_UNDECLARED_SELECTOR = YES;
				GCC_WARN_UNINITIALIZED_AUTOS = YES_AGGRESSIVE;
				GCC_WARN_UNUSED_FUNCTION = YES;
				GCC_WARN_UNUSED_VARIABLE = YES;
				HEADER_SEARCH_PATHS = "${PROJECT_DIR}/deps/include/";
				LIBRARY_SEARCH_PATHS = "${PROJECT_DIR}/deps/lib/";
				MACOSX_DEPLOYMENT_TARGET = 10.13;
				MTL_ENABLE_DEBUG_INFO = YES;
				ONLY_ACTIVE_ARCH = YES;
				SDKROOT = macosx;
				SWIFT_ACTIVE_COMPILATION_CONDITIONS = DEBUG;
				SWIFT_OPTIMIZATION_LEVEL = "-Onone";
			};
			name = Debug;
		};
		6B46E8C921271E330057FEEA /* Release */ = {
			isa = XCBuildConfiguration;
			buildSettings = {
				ALWAYS_SEARCH_USER_PATHS = NO;
				CLANG_ANALYZER_NONNULL = YES;
				CLANG_ANALYZER_NUMBER_OBJECT_CONVERSION = YES_AGGRESSIVE;
				CLANG_CXX_LANGUAGE_STANDARD = "gnu++14";
				CLANG_CXX_LIBRARY = "libc++";
				CLANG_ENABLE_MODULES = YES;
				CLANG_ENABLE_OBJC_ARC = YES;
				CLANG_ENABLE_OBJC_WEAK = YES;
				CLANG_WARN_BLOCK_CAPTURE_AUTORELEASING = YES;
				CLANG_WARN_BOOL_CONVERSION = YES;
				CLANG_WARN_COMMA = YES;
				CLANG_WARN_CONSTANT_CONVERSION = YES;
				CLANG_WARN_DEPRECATED_OBJC_IMPLEMENTATIONS = YES;
				CLANG_WARN_DIRECT_OBJC_ISA_USAGE = YES_ERROR;
				CLANG_WARN_DOCUMENTATION_COMMENTS = YES;
				CLANG_WARN_EMPTY_BODY = YES;
				CLANG_WARN_ENUM_CONVERSION = YES;
				CLANG_WARN_INFINITE_RECURSION = YES;
				CLANG_WARN_INT_CONVERSION = YES;
				CLANG_WARN_NON_LITERAL_NULL_CONVERSION = YES;
				CLANG_WARN_OBJC_IMPLICIT_RETAIN_SELF = YES;
				CLANG_WARN_OBJC_LITERAL_CONVERSION = YES;
				CLANG_WARN_OBJC_ROOT_CLASS = YES_ERROR;
				CLANG_WARN_RANGE_LOOP_ANALYSIS = YES;
				CLANG_WARN_STRICT_PROTOTYPES = YES;
				CLANG_WARN_SUSPICIOUS_MOVE = YES;
				CLANG_WARN_UNGUARDED_AVAILABILITY = YES_AGGRESSIVE;
				CLANG_WARN_UNREACHABLE_CODE = YES;
				CLANG_WARN__DUPLICATE_METHOD_MATCH = YES;
				CODE_SIGN_IDENTITY = "-";
				COPY_PHASE_STRIP = NO;
				DEBUG_INFORMATION_FORMAT = "dwarf-with-dsym";
				ENABLE_NS_ASSERTIONS = NO;
				ENABLE_STRICT_OBJC_MSGSEND = YES;
				GCC_C_LANGUAGE_STANDARD = gnu11;
				GCC_NO_COMMON_BLOCKS = YES;
				GCC_WARN_64_TO_32_BIT_CONVERSION = YES;
				GCC_WARN_ABOUT_RETURN_TYPE = YES_ERROR;
				GCC_WARN_UNDECLARED_SELECTOR = YES;
				GCC_WARN_UNINITIALIZED_AUTOS = YES_AGGRESSIVE;
				GCC_WARN_UNUSED_FUNCTION = YES;
				GCC_WARN_UNUSED_VARIABLE = YES;
				HEADER_SEARCH_PATHS = "${PROJECT_DIR}/deps/include/";
				LIBRARY_SEARCH_PATHS = "${PROJECT_DIR}/deps/lib/";
				MACOSX_DEPLOYMENT_TARGET = 10.13;
				MTL_ENABLE_DEBUG_INFO = NO;
				SDKROOT = macosx;
				SWIFT_COMPILATION_MODE = wholemodule;
				SWIFT_OPTIMIZATION_LEVEL = "-O";
			};
			name = Release;
		};
		6B46E8CB21271E330057FEEA /* Debug */ = {
			isa = XCBuildConfiguration;
			buildSettings = {
				ASSETCATALOG_COMPILER_APPICON_NAME = AppIcon;
				CLANG_CXX_LANGUAGE_STANDARD = "gnu++14";
				CLANG_ENABLE_MODULES = YES;
				CLANG_WARN_DOCUMENTATION_COMMENTS = NO;
				CODE_SIGN_ENTITLEMENTS = usdview/usdview.entitlements;
				CODE_SIGN_STYLE = Manual;
				COMBINE_HIDPI_IMAGES = YES;
				DEVELOPMENT_TEAM = "";
				GCC_TREAT_WARNINGS_AS_ERRORS = YES;
				GCC_WARN_PEDANTIC = NO;
				INFOPLIST_FILE = usdview/Info.plist;
				LD_RUNPATH_SEARCH_PATHS = (
					"$(inherited)",
					"@executable_path/../Frameworks",
					"$(PROJECT_DIR)/deps/lib",
				);
				LIBRARY_SEARCH_PATHS = (
					"$(inherited)",
					"$(PROJECT_DIR)/deps/lib",
				);
				OTHER_CFLAGS = "";
				OTHER_CPLUSPLUSFLAGS = (
					"$(OTHER_CFLAGS)",
					"-Wno-documentation",
					"-Wno-deprecated",
					"-Wno-comma",
				);
				OTHER_LDFLAGS = "";
				PRODUCT_BUNDLE_IDENTIFIER = "org.usdview-native.usdview";
				PRODUCT_NAME = "$(TARGET_NAME)";
				PROVISIONING_PROFILE_SPECIFIER = "";
				SWIFT_OBJC_BRIDGING_HEADER = "usdview/usdview-Bridging-Header.h";
				SWIFT_OPTIMIZATION_LEVEL = "-Onone";
				SWIFT_VERSION = 4.0;
			};
			name = Debug;
		};
		6B46E8CC21271E330057FEEA /* Release */ = {
			isa = XCBuildConfiguration;
			buildSettings = {
				ASSETCATALOG_COMPILER_APPICON_NAME = AppIcon;
				CLANG_CXX_LANGUAGE_STANDARD = "c++17";
				CLANG_ENABLE_MODULES = YES;
				CLANG_WARN_DOCUMENTATION_COMMENTS = NO;
				CODE_SIGN_ENTITLEMENTS = usdview/usdview.entitlements;
				CODE_SIGN_STYLE = Manual;
				COMBINE_HIDPI_IMAGES = YES;
				DEVELOPMENT_TEAM = "";
				GCC_TREAT_WARNINGS_AS_ERRORS = YES;
				GCC_WARN_PEDANTIC = NO;
				INFOPLIST_FILE = usdview/Info.plist;
				LD_RUNPATH_SEARCH_PATHS = (
					"$(inherited)",
					"@executable_path/../Frameworks",
					"$(PROJECT_DIR)/deps/lib",
				);
				LIBRARY_SEARCH_PATHS = (
					"$(inherited)",
					"$(PROJECT_DIR)/deps/lib",
				);
				OTHER_CFLAGS = "";
				OTHER_CPLUSPLUSFLAGS = (
					"$(OTHER_CFLAGS)",
					"-Wno-documentation",
					"-Wno-deprecated",
					"-Wno-comma",
				);
				OTHER_LDFLAGS = "";
				PRODUCT_BUNDLE_IDENTIFIER = "org.usdview-native.usdview";
				PRODUCT_NAME = "$(TARGET_NAME)";
				PROVISIONING_PROFILE_SPECIFIER = "";
				SWIFT_OBJC_BRIDGING_HEADER = "usdview/usdview-Bridging-Header.h";
				SWIFT_VERSION = 4.0;
			};
			name = Release;
		};
		6B46E8CE21271E330057FEEA /* Debug */ = {
			isa = XCBuildConfiguration;
			buildSettings = {
				ALWAYS_EMBED_SWIFT_STANDARD_LIBRARIES = YES;
				BUNDLE_LOADER = "$(TEST_HOST)";
				CODE_SIGN_STYLE = Automatic;
				COMBINE_HIDPI_IMAGES = YES;
				INFOPLIST_FILE = usdviewTests/Info.plist;
				LD_RUNPATH_SEARCH_PATHS = (
					"$(inherited)",
					"@executable_path/../Frameworks",
					"@loader_path/../Frameworks",
					"$(PROJECT_DIR)/deps/lib",
				);
				LIBRARY_SEARCH_PATHS = (
					"$(inherited)",
					"$(PROJECT_DIR)/deps/lib",
				);
				PRODUCT_BUNDLE_IDENTIFIER = "org.usdview-native.usdviewTests";
				PRODUCT_NAME = "$(TARGET_NAME)";
				SWIFT_VERSION = 4.0;
				TEST_HOST = "$(BUILT_PRODUCTS_DIR)/usdview.app/Contents/MacOS/usdview";
			};
			name = Debug;
		};
		6B46E8CF21271E330057FEEA /* Release */ = {
			isa = XCBuildConfiguration;
			buildSettings = {
				ALWAYS_EMBED_SWIFT_STANDARD_LIBRARIES = YES;
				BUNDLE_LOADER = "$(TEST_HOST)";
				CODE_SIGN_STYLE = Automatic;
				COMBINE_HIDPI_IMAGES = YES;
				INFOPLIST_FILE = usdviewTests/Info.plist;
				LD_RUNPATH_SEARCH_PATHS = (
					"$(inherited)",
					"@executable_path/../Frameworks",
					"@loader_path/../Frameworks",
					"$(PROJECT_DIR)/deps/lib",
				);
				LIBRARY_SEARCH_PATHS = (
					"$(inherited)",
					"$(PROJECT_DIR)/deps/lib",
				);
				PRODUCT_BUNDLE_IDENTIFIER = "org.usdview-native.usdviewTests";
				PRODUCT_NAME = "$(TARGET_NAME)";
				SWIFT_VERSION = 4.0;
				TEST_HOST = "$(BUILT_PRODUCTS_DIR)/usdview.app/Contents/MacOS/usdview";
			};
			name = Release;
		};
/* End XCBuildConfiguration section */

/* Begin XCConfigurationList section */
		6B46E8A121271E310057FEEA /* Build configuration list for PBXProject "usdview" */ = {
			isa = XCConfigurationList;
			buildConfigurations = (
				6B46E8C821271E330057FEEA /* Debug */,
				6B46E8C921271E330057FEEA /* Release */,
			);
			defaultConfigurationIsVisible = 0;
			defaultConfigurationName = Release;
		};
		6B46E8CA21271E330057FEEA /* Build configuration list for PBXNativeTarget "usdview" */ = {
			isa = XCConfigurationList;
			buildConfigurations = (
				6B46E8CB21271E330057FEEA /* Debug */,
				6B46E8CC21271E330057FEEA /* Release */,
			);
			defaultConfigurationIsVisible = 0;
			defaultConfigurationName = Release;
		};
		6B46E8CD21271E330057FEEA /* Build configuration list for PBXNativeTarget "usdviewTests" */ = {
			isa = XCConfigurationList;
			buildConfigurations = (
				6B46E8CE21271E330057FEEA /* Debug */,
				6B46E8CF21271E330057FEEA /* Release */,
			);
			defaultConfigurationIsVisible = 0;
			defaultConfigurationName = Release;
		};
/* End XCConfigurationList section */
	};
	rootObject = 6B46E89E21271E310057FEEA /* Project object */;
}
